
Microsoft Visual Studio Solution File, Format Version 12.00
# Visual Studio Version 17
VisualStudioVersion = 17.0.31903.59
MinimumVisualStudioVersion = 10.0.40219.1
Project("{2150E333-8FDC-42A3-9474-1A3956D46DE8}") = "src", "src", "{827E0CD3-B72D-47B6-A68D-7590B98EB39B}"
EndProject
Project("{2150E333-8FDC-42A3-9474-1A3956D46DE8}") = "libs", "libs", "{E431C0EF-0A07-9D2C-3EA9-2C750D5184D2}"
EndProject
Project("{FAE04EC0-301F-11D3-BF4B-00C04F79EFBC}") = "Sinapsi.Mcp", "src\libs\Sinapsi.Mcp\Sinapsi.Mcp.csproj", "{329D7C5B-4C9F-4A60-8268-D256DB967CA1}"
EndProject
Project("{FAE04EC0-301F-11D3-BF4B-00C04F79EFBC}") = "Sinapsi.Mcp.Tests", "src\libs\Sinapsi.Mcp.Tests\Sinapsi.Mcp.Tests.csproj", "{59A8A30F-2B58-495C-B17E-131409855FB3}"
EndProject
Project("{FAE04EC0-301F-11D3-BF4B-00C04F79EFBC}") = "Sinapsi.Forge", "src\libs\Sinapsi.Forge\Sinapsi.Forge.csproj", "{BCB8959A-1BEE-4059-B5A6-2D27D2EC3E5C}"
EndProject
Project("{2150E333-8FDC-42A3-9474-1A3956D46DE8}") = "servers", "servers", "{CC80CF82-095A-9A70-E4AA-4F39E72E717A}"
EndProject
Project("{FAE04EC0-301F-11D3-BF4B-00C04F79EFBC}") = "Forge.Mcp", "src\servers\Forge.Mcp\Forge.Mcp.csproj", "{A794463E-E7C7-41E0-B7CB-FEF8818D83B9}"
EndProject
Project("{FAE04EC0-301F-11D3-BF4B-00C04F79EFBC}") = "Github.Mcp", "src\servers\Github.Mcp\Github.Mcp.csproj", "{2C4EB843-0488-44BD-8ACD-99881F4B2027}"
EndProject
Project("{2150E333-8FDC-42A3-9474-1A3956D46DE8}") = "test", "test", "{0C88DD14-F956-CE84-757C-A364CCF449FC}"
EndProject
Project("{FAE04EC0-301F-11D3-BF4B-00C04F79EFBC}") = "Forge.Tests", "test\Forge.Tests\Forge.Tests.csproj", "{70F5EF7A-749E-4437-AF83-E699078E11A2}"
EndProject
Project("{FAE04EC0-301F-11D3-BF4B-00C04F79EFBC}") = "Forge.Mcp.Tests", "test\Forge.Mcp.Tests\Forge.Mcp.Tests.csproj", "{B48B4DE2-D64A-4D04-A132-4AED4809C6AF}"
EndProject
Project("{FAE04EC0-301F-11D3-BF4B-00C04F79EFBC}") = "Github.Mcp.Tests", "test\Github.Mcp.Tests\Github.Mcp.Tests.csproj", "{6E61265A-9AE9-41CC-8164-B3F1B1BFCD50}"
EndProject
Project("{FAE04EC0-301F-11D3-BF4B-00C04F79EFBC}") = "OpenWrtForum.Mcp", "src\servers\OpenWrtForum.Mcp\OpenWrtForum.Mcp.csproj", "{E72D820F-1DD8-4AAA-9A7C-5528F1446E27}"
EndProject
Project("{FAE04EC0-301F-11D3-BF4B-00C04F79EFBC}") = "OpenWrtForum.Mcp.Tests", "test\OpenWrtForum.Mcp.Tests\OpenWrtForum.Mcp.Tests.csproj", "{F3F508D7-648F-493D-B3A9-F5D385E6F01B}"
EndProject
Global
	GlobalSection(SolutionConfigurationPlatforms) = preSolution
		Debug|Any CPU = Debug|Any CPU
		Debug|x64 = Debug|x64
		Debug|x86 = Debug|x86
		Release|Any CPU = Release|Any CPU
		Release|x64 = Release|x64
		Release|x86 = Release|x86
	EndGlobalSection
	GlobalSection(ProjectConfigurationPlatforms) = postSolution
		{329D7C5B-4C9F-4A60-8268-D256DB967CA1}.Debug|Any CPU.ActiveCfg = Debug|Any CPU
		{329D7C5B-4C9F-4A60-8268-D256DB967CA1}.Debug|Any CPU.Build.0 = Debug|Any CPU
		{329D7C5B-4C9F-4A60-8268-D256DB967CA1}.Debug|x64.ActiveCfg = Debug|Any CPU
		{329D7C5B-4C9F-4A60-8268-D256DB967CA1}.Debug|x64.Build.0 = Debug|Any CPU
		{329D7C5B-4C9F-4A60-8268-D256DB967CA1}.Debug|x86.ActiveCfg = Debug|Any CPU
		{329D7C5B-4C9F-4A60-8268-D256DB967CA1}.Debug|x86.Build.0 = Debug|Any CPU
		{329D7C5B-4C9F-4A60-8268-D256DB967CA1}.Release|Any CPU.ActiveCfg = Release|Any CPU
		{329D7C5B-4C9F-4A60-8268-D256DB967CA1}.Release|Any CPU.Build.0 = Release|Any CPU
		{329D7C5B-4C9F-4A60-8268-D256DB967CA1}.Release|x64.ActiveCfg = Release|Any CPU
		{329D7C5B-4C9F-4A60-8268-D256DB967CA1}.Release|x64.Build.0 = Release|Any CPU
		{329D7C5B-4C9F-4A60-8268-D256DB967CA1}.Release|x86.ActiveCfg = Release|Any CPU
		{329D7C5B-4C9F-4A60-8268-D256DB967CA1}.Release|x86.Build.0 = Release|Any CPU
		{59A8A30F-2B58-495C-B17E-131409855FB3}.Debug|Any CPU.ActiveCfg = Debug|Any CPU
		{59A8A30F-2B58-495C-B17E-131409855FB3}.Debug|Any CPU.Build.0 = Debug|Any CPU
		{59A8A30F-2B58-495C-B17E-131409855FB3}.Debug|x64.ActiveCfg = Debug|Any CPU
		{59A8A30F-2B58-495C-B17E-131409855FB3}.Debug|x64.Build.0 = Debug|Any CPU
		{59A8A30F-2B58-495C-B17E-131409855FB3}.Debug|x86.ActiveCfg = Debug|Any CPU
		{59A8A30F-2B58-495C-B17E-131409855FB3}.Debug|x86.Build.0 = Debug|Any CPU
		{59A8A30F-2B58-495C-B17E-131409855FB3}.Release|Any CPU.ActiveCfg = Release|Any CPU
		{59A8A30F-2B58-495C-B17E-131409855FB3}.Release|Any CPU.Build.0 = Release|Any CPU
		{59A8A30F-2B58-495C-B17E-131409855FB3}.Release|x64.ActiveCfg = Release|Any CPU
		{59A8A30F-2B58-495C-B17E-131409855FB3}.Release|x64.Build.0 = Release|Any CPU
		{59A8A30F-2B58-495C-B17E-131409855FB3}.Release|x86.ActiveCfg = Release|Any CPU
		{59A8A30F-2B58-495C-B17E-131409855FB3}.Release|x86.Build.0 = Release|Any CPU
		{BCB8959A-1BEE-4059-B5A6-2D27D2EC3E5C}.Debug|Any CPU.ActiveCfg = Debug|Any CPU
		{BCB8959A-1BEE-4059-B5A6-2D27D2EC3E5C}.Debug|Any CPU.Build.0 = Debug|Any CPU
		{BCB8959A-1BEE-4059-B5A6-2D27D2EC3E5C}.Debug|x64.ActiveCfg = Debug|Any CPU
		{BCB8959A-1BEE-4059-B5A6-2D27D2EC3E5C}.Debug|x64.Build.0 = Debug|Any CPU
		{BCB8959A-1BEE-4059-B5A6-2D27D2EC3E5C}.Debug|x86.ActiveCfg = Debug|Any CPU
		{BCB8959A-1BEE-4059-B5A6-2D27D2EC3E5C}.Debug|x86.Build.0 = Debug|Any CPU
		{BCB8959A-1BEE-4059-B5A6-2D27D2EC3E5C}.Release|Any CPU.ActiveCfg = Release|Any CPU
		{BCB8959A-1BEE-4059-B5A6-2D27D2EC3E5C}.Release|Any CPU.Build.0 = Release|Any CPU
		{BCB8959A-1BEE-4059-B5A6-2D27D2EC3E5C}.Release|x64.ActiveCfg = Release|Any CPU
		{BCB8959A-1BEE-4059-B5A6-2D27D2EC3E5C}.Release|x64.Build.0 = Release|Any CPU
		{BCB8959A-1BEE-4059-B5A6-2D27D2EC3E5C}.Release|x86.ActiveCfg = Release|Any CPU
		{BCB8959A-1BEE-4059-B5A6-2D27D2EC3E5C}.Release|x86.Build.0 = Release|Any CPU
		{A794463E-E7C7-41E0-B7CB-FEF8818D83B9}.Debug|Any CPU.ActiveCfg = Debug|Any CPU
		{A794463E-E7C7-41E0-B7CB-FEF8818D83B9}.Debug|Any CPU.Build.0 = Debug|Any CPU
		{A794463E-E7C7-41E0-B7CB-FEF8818D83B9}.Debug|x64.ActiveCfg = Debug|Any CPU
		{A794463E-E7C7-41E0-B7CB-FEF8818D83B9}.Debug|x64.Build.0 = Debug|Any CPU
		{A794463E-E7C7-41E0-B7CB-FEF8818D83B9}.Debug|x86.ActiveCfg = Debug|Any CPU
		{A794463E-E7C7-41E0-B7CB-FEF8818D83B9}.Debug|x86.Build.0 = Debug|Any CPU
		{A794463E-E7C7-41E0-B7CB-FEF8818D83B9}.Release|Any CPU.ActiveCfg = Release|Any CPU
		{A794463E-E7C7-41E0-B7CB-FEF8818D83B9}.Release|Any CPU.Build.0 = Release|Any CPU
		{A794463E-E7C7-41E0-B7CB-FEF8818D83B9}.Release|x64.ActiveCfg = Release|Any CPU
		{A794463E-E7C7-41E0-B7CB-FEF8818D83B9}.Release|x64.Build.0 = Release|Any CPU
		{A794463E-E7C7-41E0-B7CB-FEF8818D83B9}.Release|x86.ActiveCfg = Release|Any CPU
		{A794463E-E7C7-41E0-B7CB-FEF8818D83B9}.Release|x86.Build.0 = Release|Any CPU
		{2C4EB843-0488-44BD-8ACD-99881F4B2027}.Debug|Any CPU.ActiveCfg = Debug|Any CPU
		{2C4EB843-0488-44BD-8ACD-99881F4B2027}.Debug|Any CPU.Build.0 = Debug|Any CPU
		{2C4EB843-0488-44BD-8ACD-99881F4B2027}.Debug|x64.ActiveCfg = Debug|Any CPU
		{2C4EB843-0488-44BD-8ACD-99881F4B2027}.Debug|x64.Build.0 = Debug|Any CPU
		{2C4EB843-0488-44BD-8ACD-99881F4B2027}.Debug|x86.ActiveCfg = Debug|Any CPU
		{2C4EB843-0488-44BD-8ACD-99881F4B2027}.Debug|x86.Build.0 = Debug|Any CPU
		{2C4EB843-0488-44BD-8ACD-99881F4B2027}.Release|Any CPU.ActiveCfg = Release|Any CPU
		{2C4EB843-0488-44BD-8ACD-99881F4B2027}.Release|Any CPU.Build.0 = Release|Any CPU
		{2C4EB843-0488-44BD-8ACD-99881F4B2027}.Release|x64.ActiveCfg = Release|Any CPU
		{2C4EB843-0488-44BD-8ACD-99881F4B2027}.Release|x64.Build.0 = Release|Any CPU
		{2C4EB843-0488-44BD-8ACD-99881F4B2027}.Release|x86.ActiveCfg = Release|Any CPU
		{2C4EB843-0488-44BD-8ACD-99881F4B2027}.Release|x86.Build.0 = Release|Any CPU
		{70F5EF7A-749E-4437-AF83-E699078E11A2}.Debug|Any CPU.ActiveCfg = Debug|Any CPU
		{70F5EF7A-749E-4437-AF83-E699078E11A2}.Debug|Any CPU.Build.0 = Debug|Any CPU
		{70F5EF7A-749E-4437-AF83-E699078E11A2}.Debug|x64.ActiveCfg = Debug|Any CPU
		{70F5EF7A-749E-4437-AF83-E699078E11A2}.Debug|x64.Build.0 = Debug|Any CPU
		{70F5EF7A-749E-4437-AF83-E699078E11A2}.Debug|x86.ActiveCfg = Debug|Any CPU
		{70F5EF7A-749E-4437-AF83-E699078E11A2}.Debug|x86.Build.0 = Debug|Any CPU
		{70F5EF7A-749E-4437-AF83-E699078E11A2}.Release|Any CPU.ActiveCfg = Release|Any CPU
		{70F5EF7A-749E-4437-AF83-E699078E11A2}.Release|Any CPU.Build.0 = Release|Any CPU
		{70F5EF7A-749E-4437-AF83-E699078E11A2}.Release|x64.ActiveCfg = Release|Any CPU
		{70F5EF7A-749E-4437-AF83-E699078E11A2}.Release|x64.Build.0 = Release|Any CPU
		{70F5EF7A-749E-4437-AF83-E699078E11A2}.Release|x86.ActiveCfg = Release|Any CPU
		{70F5EF7A-749E-4437-AF83-E699078E11A2}.Release|x86.Build.0 = Release|Any CPU
		{B48B4DE2-D64A-4D04-A132-4AED4809C6AF}.Debug|Any CPU.ActiveCfg = Debug|Any CPU
		{B48B4DE2-D64A-4D04-A132-4AED4809C6AF}.Debug|Any CPU.Build.0 = Debug|Any CPU
		{B48B4DE2-D64A-4D04-A132-4AED4809C6AF}.Debug|x64.ActiveCfg = Debug|Any CPU
		{B48B4DE2-D64A-4D04-A132-4AED4809C6AF}.Debug|x64.Build.0 = Debug|Any CPU
		{B48B4DE2-D64A-4D04-A132-4AED4809C6AF}.Debug|x86.ActiveCfg = Debug|Any CPU
		{B48B4DE2-D64A-4D04-A132-4AED4809C6AF}.Debug|x86.Build.0 = Debug|Any CPU
		{B48B4DE2-D64A-4D04-A132-4AED4809C6AF}.Release|Any CPU.ActiveCfg = Release|Any CPU
		{B48B4DE2-D64A-4D04-A132-4AED4809C6AF}.Release|Any CPU.Build.0 = Release|Any CPU
		{B48B4DE2-D64A-4D04-A132-4AED4809C6AF}.Release|x64.ActiveCfg = Release|Any CPU
		{B48B4DE2-D64A-4D04-A132-4AED4809C6AF}.Release|x64.Build.0 = Release|Any CPU
		{B48B4DE2-D64A-4D04-A132-4AED4809C6AF}.Release|x86.ActiveCfg = Release|Any CPU
		{B48B4DE2-D64A-4D04-A132-4AED4809C6AF}.Release|x86.Build.0 = Release|Any CPU
		{6E61265A-9AE9-41CC-8164-B3F1B1BFCD50}.Debug|Any CPU.ActiveCfg = Debug|Any CPU
		{6E61265A-9AE9-41CC-8164-B3F1B1BFCD50}.Debug|Any CPU.Build.0 = Debug|Any CPU
		{6E61265A-9AE9-41CC-8164-B3F1B1BFCD50}.Debug|x64.ActiveCfg = Debug|Any CPU
		{6E61265A-9AE9-41CC-8164-B3F1B1BFCD50}.Debug|x64.Build.0 = Debug|Any CPU
		{6E61265A-9AE9-41CC-8164-B3F1B1BFCD50}.Debug|x86.ActiveCfg = Debug|Any CPU
		{6E61265A-9AE9-41CC-8164-B3F1B1BFCD50}.Debug|x86.Build.0 = Debug|Any CPU
		{6E61265A-9AE9-41CC-8164-B3F1B1BFCD50}.Release|Any CPU.ActiveCfg = Release|Any CPU
		{6E61265A-9AE9-41CC-8164-B3F1B1BFCD50}.Release|Any CPU.Build.0 = Release|Any CPU
		{6E61265A-9AE9-41CC-8164-B3F1B1BFCD50}.Release|x64.ActiveCfg = Release|Any CPU
		{6E61265A-9AE9-41CC-8164-B3F1B1BFCD50}.Release|x64.Build.0 = Release|Any CPU
		{6E61265A-9AE9-41CC-8164-B3F1B1BFCD50}.Release|x86.ActiveCfg = Release|Any CPU
		{6E61265A-9AE9-41CC-8164-B3F1B1BFCD50}.Release|x86.Build.0 = Release|Any CPU
		{E72D820F-1DD8-4AAA-9A7C-5528F1446E27}.Debug|Any CPU.ActiveCfg = Debug|Any CPU
		{E72D820F-1DD8-4AAA-9A7C-5528F1446E27}.Debug|Any CPU.Build.0 = Debug|Any CPU
		{E72D820F-1DD8-4AAA-9A7C-5528F1446E27}.Debug|x64.ActiveCfg = Debug|Any CPU
		{E72D820F-1DD8-4AAA-9A7C-5528F1446E27}.Debug|x64.Build.0 = Debug|Any CPU
		{E72D820F-1DD8-4AAA-9A7C-5528F1446E27}.Debug|x86.ActiveCfg = Debug|Any CPU
		{E72D820F-1DD8-4AAA-9A7C-5528F1446E27}.Debug|x86.Build.0 = Debug|Any CPU
		{E72D820F-1DD8-4AAA-9A7C-5528F1446E27}.Release|Any CPU.ActiveCfg = Release|Any CPU
		{E72D820F-1DD8-4AAA-9A7C-5528F1446E27}.Release|Any CPU.Build.0 = Release|Any CPU
		{E72D820F-1DD8-4AAA-9A7C-5528F1446E27}.Release|x64.ActiveCfg = Release|Any CPU
		{E72D820F-1DD8-4AAA-9A7C-5528F1446E27}.Release|x64.Build.0 = Release|Any CPU
		{E72D820F-1DD8-4AAA-9A7C-5528F1446E27}.Release|x86.ActiveCfg = Release|Any CPU
		{E72D820F-1DD8-4AAA-9A7C-5528F1446E27}.Release|x86.Build.0 = Release|Any CPU
		{F3F508D7-648F-493D-B3A9-F5D385E6F01B}.Debug|Any CPU.ActiveCfg = Debug|Any CPU
		{F3F508D7-648F-493D-B3A9-F5D385E6F01B}.Debug|Any CPU.Build.0 = Debug|Any CPU
		{F3F508D7-648F-493D-B3A9-F5D385E6F01B}.Debug|x64.ActiveCfg = Debug|Any CPU
		{F3F508D7-648F-493D-B3A9-F5D385E6F01B}.Debug|x64.Build.0 = Debug|Any CPU
		{F3F508D7-648F-493D-B3A9-F5D385E6F01B}.Debug|x86.ActiveCfg = Debug|Any CPU
		{F3F508D7-648F-493D-B3A9-F5D385E6F01B}.Debug|x86.Build.0 = Debug|Any CPU
		{F3F508D7-648F-493D-B3A9-F5D385E6F01B}.Release|Any CPU.ActiveCfg = Release|Any CPU
		{F3F508D7-648F-493D-B3A9-F5D385E6F01B}.Release|Any CPU.Build.0 = Release|Any CPU
		{F3F508D7-648F-493D-B3A9-F5D385E6F01B}.Release|x64.ActiveCfg = Release|Any CPU
		{F3F508D7-648F-493D-B3A9-F5D385E6F01B}.Release|x64.Build.0 = Release|Any CPU
		{F3F508D7-648F-493D-B3A9-F5D385E6F01B}.Release|x86.ActiveCfg = Release|Any CPU
		{F3F508D7-648F-493D-B3A9-F5D385E6F01B}.Release|x86.Build.0 = Release|Any CPU
	EndGlobalSection
	GlobalSection(SolutionProperties) = preSolution
		HideSolutionNode = FALSE
	EndGlobalSection
	GlobalSection(NestedProjects) = preSolution
		{E431C0EF-0A07-9D2C-3EA9-2C750D5184D2} = {827E0CD3-B72D-47B6-A68D-7590B98EB39B}
		{329D7C5B-4C9F-4A60-8268-D256DB967CA1} = {E431C0EF-0A07-9D2C-3EA9-2C750D5184D2}
		{59A8A30F-2B58-495C-B17E-131409855FB3} = {E431C0EF-0A07-9D2C-3EA9-2C750D5184D2}
		{BCB8959A-1BEE-4059-B5A6-2D27D2EC3E5C} = {E431C0EF-0A07-9D2C-3EA9-2C750D5184D2}
		{CC80CF82-095A-9A70-E4AA-4F39E72E717A} = {827E0CD3-B72D-47B6-A68D-7590B98EB39B}
		{A794463E-E7C7-41E0-B7CB-FEF8818D83B9} = {CC80CF82-095A-9A70-E4AA-4F39E72E717A}
		{2C4EB843-0488-44BD-8ACD-99881F4B2027} = {CC80CF82-095A-9A70-E4AA-4F39E72E717A}
		{70F5EF7A-749E-4437-AF83-E699078E11A2} = {0C88DD14-F956-CE84-757C-A364CCF449FC}
		{B48B4DE2-D64A-4D04-A132-4AED4809C6AF} = {0C88DD14-F956-CE84-757C-A364CCF449FC}
		{6E61265A-9AE9-41CC-8164-B3F1B1BFCD50} = {0C88DD14-F956-CE84-757C-A364CCF449FC}
		{E72D820F-1DD8-4AAA-9A7C-5528F1446E27} = {CC80CF82-095A-9A70-E4AA-4F39E72E717A}
		{F3F508D7-648F-493D-B3A9-F5D385E6F01B} = {0C88DD14-F956-CE84-757C-A364CCF449FC}
	EndGlobalSection
EndGlobal
