
Microsoft Visual Studio Solution File, Format Version 12.00
# Visual Studio Version 17
VisualStudioVersion = 17.0.31903.59
MinimumVisualStudioVersion = 10.0.40219.1
Project("{2150E333-8FDC-42A3-9474-1A3956D46DE8}") = "src", "src", "{827E0CD3-B72D-47B6-A68D-7590B98EB39B}"
EndProject
Project("{2150E333-8FDC-42A3-9474-1A3956D46DE8}") = "libs", "libs", "{E431C0EF-0A07-9D2C-3EA9-2C750D5184D2}"
EndProject
Project("{FAE04EC0-301F-11D3-BF4B-00C04F79EFBC}") = "Sinapsi.Mcp", "src\libs\Sinapsi.Mcp\Sinapsi.Mcp.csproj", "{6B75D9B9-9A12-47F6-AB19-24B2F72F7385}"
EndProject
Project("{FAE04EC0-301F-11D3-BF4B-00C04F79EFBC}") = "Sinapsi.Forge", "src\libs\Sinapsi.Forge\Sinapsi.Forge.csproj", "{57911459-2113-4088-AA75-EDB68132D474}"
EndProject
Project("{FAE04EC0-301F-11D3-BF4B-00C04F79EFBC}") = "Sinapsi.Nats", "src\libs\Sinapsi.Nats\Sinapsi.Nats.csproj", "{267D0590-F19F-4C20-9E41-0E3F9E5593CE}"
EndProject
Project("{FAE04EC0-301F-11D3-BF4B-00C04F79EFBC}") = "Sinapsi.AgentJwt", "src\libs\Sinapsi.AgentJwt\Sinapsi.AgentJwt.csproj", "{0C6FF845-0AA2-4A5A-B3CB-CE442F334039}"
EndProject
Project("{FAE04EC0-301F-11D3-BF4B-00C04F79EFBC}") = "Sinapsi.Mcp.Tests", "src\libs\Sinapsi.Mcp.Tests\Sinapsi.Mcp.Tests.csproj", "{E56B6A3B-58C8-4051-8BDE-F63963F05A18}"
EndProject
Project("{2150E333-8FDC-42A3-9474-1A3956D46DE8}") = "servers", "servers", "{CC80CF82-095A-9A70-E4AA-4F39E72E717A}"
EndProject
Project("{FAE04EC0-301F-11D3-BF4B-00C04F79EFBC}") = "Forge.Mcp", "src\servers\Forge.Mcp\Forge.Mcp.csproj", "{8DD105B1-B99F-4498-AB45-389271C9DAC5}"
EndProject
Project("{FAE04EC0-301F-11D3-BF4B-00C04F79EFBC}") = "Gdrive.Mcp", "src\servers\Gdrive.Mcp\Gdrive.Mcp.csproj", "{2DDBAEC2-79F0-4EEE-93FF-F5C02367AC43}"
EndProject
Project("{FAE04EC0-301F-11D3-BF4B-00C04F79EFBC}") = "Gemini.Mcp", "src\servers\Gemini.Mcp\Gemini.Mcp.csproj", "{0A4578AA-9E7F-4D7B-95B1-73A11A654C07}"
EndProject
Project("{FAE04EC0-301F-11D3-BF4B-00C04F79EFBC}") = "Github.Mcp", "src\servers\Github.Mcp\Github.Mcp.csproj", "{53958302-EE68-4FF4-BD09-C651785C97DE}"
EndProject
Project("{FAE04EC0-301F-11D3-BF4B-00C04F79EFBC}") = "Infisical.Mcp", "src\servers\Infisical.Mcp\Infisical.Mcp.csproj", "{A3170E7B-7488-421A-B46A-638199B930DE}"
EndProject
Project("{FAE04EC0-301F-11D3-BF4B-00C04F79EFBC}") = "Metabase.Mcp", "src\servers\Metabase.Mcp\Metabase.Mcp.csproj", "{DBBF4C14-7A6C-43FD-A103-3B7DE1849444}"
EndProject
Project("{FAE04EC0-301F-11D3-BF4B-00C04F79EFBC}") = "OpenWrtForum.Mcp", "src\servers\OpenWrtForum.Mcp\OpenWrtForum.Mcp.csproj", "{1CC877E9-9F55-4C45-A247-FB9E36CD2A51}"
EndProject
Project("{FAE04EC0-301F-11D3-BF4B-00C04F79EFBC}") = "SageCouncil.Mcp", "src\servers\SageCouncil.Mcp\SageCouncil.Mcp.csproj", "{AFBCE007-6268-467A-A896-388F3A6A78A8}"
EndProject
Project("{FAE04EC0-301F-11D3-BF4B-00C04F79EFBC}") = "Sinapsi.Indexer", "src\servers\Sinapsi.Indexer\Sinapsi.Indexer.csproj", "{30D5E74A-E0E1-4F64-B579-3C63B335229D}"
EndProject
Project("{FAE04EC0-301F-11D3-BF4B-00C04F79EFBC}") = "Sshgw.Mcp", "src\servers\Sshgw.Mcp\Sshgw.Mcp.csproj", "{19D4BC39-3D4F-4119-8000-6F63F4B12887}"
EndProject
Project("{FAE04EC0-301F-11D3-BF4B-00C04F79EFBC}") = "StepCa.Mcp", "src\servers\StepCa.Mcp\StepCa.Mcp.csproj", "{A4BC9564-E7FC-44EC-BE39-8C879AD2DFF5}"
EndProject
Project("{FAE04EC0-301F-11D3-BF4B-00C04F79EFBC}") = "Zitadel.Mcp", "src\servers\Zitadel.Mcp\Zitadel.Mcp.csproj", "{4EC13A70-A67B-4ADE-B963-17C84D0A5D4F}"
EndProject
Project("{FAE04EC0-301F-11D3-BF4B-00C04F79EFBC}") = "ConfigSpine.Mcp", "src\servers\ConfigSpine.Mcp\ConfigSpine.Mcp.csproj", "{0D1940C5-F3E2-4140-A25F-0105C62D8BE6}"
EndProject
Project("{2150E333-8FDC-42A3-9474-1A3956D46DE8}") = "test", "test", "{0C88DD14-F956-CE84-757C-A364CCF449FC}"
EndProject
Project("{FAE04EC0-301F-11D3-BF4B-00C04F79EFBC}") = "Forge.Mcp.Tests", "test\Forge.Mcp.Tests\Forge.Mcp.Tests.csproj", "{BE34C5D5-1A2E-4EEC-9733-717E02D04791}"
EndProject
Project("{FAE04EC0-301F-11D3-BF4B-00C04F79EFBC}") = "Forge.Tests", "test\Forge.Tests\Forge.Tests.csproj", "{4395E8A5-FA38-421B-BBA5-DC79A1C2A67E}"
EndProject
Project("{FAE04EC0-301F-11D3-BF4B-00C04F79EFBC}") = "Gdrive.Mcp.Tests", "test\Gdrive.Mcp.Tests\Gdrive.Mcp.Tests.csproj", "{72962790-9055-4C4E-BF27-0D262ECCA182}"
EndProject
Project("{FAE04EC0-301F-11D3-BF4B-00C04F79EFBC}") = "Gemini.Mcp.Tests", "test\Gemini.Mcp.Tests\Gemini.Mcp.Tests.csproj", "{4874358F-B472-4236-9541-985794B55E4B}"
EndProject
Project("{FAE04EC0-301F-11D3-BF4B-00C04F79EFBC}") = "Github.Mcp.Tests", "test\Github.Mcp.Tests\Github.Mcp.Tests.csproj", "{C7662BD7-4844-49EE-9923-892CE80FF320}"
EndProject
Project("{FAE04EC0-301F-11D3-BF4B-00C04F79EFBC}") = "Infisical.Mcp.Tests", "test\Infisical.Mcp.Tests\Infisical.Mcp.Tests.csproj", "{33A9BF62-E7C7-4793-81B4-FFC03CAF90AB}"
EndProject
Project("{FAE04EC0-301F-11D3-BF4B-00C04F79EFBC}") = "ConfigSpine.Mcp.Tests", "test\ConfigSpine.Mcp.Tests\ConfigSpine.Mcp.Tests.csproj", "{7C55E308-68DD-4F24-88DB-5D7FC990D162}"
EndProject
Project("{FAE04EC0-301F-11D3-BF4B-00C04F79EFBC}") = "Metabase.Mcp.Tests", "test\Metabase.Mcp.Tests\Metabase.Mcp.Tests.csproj", "{4236343D-B5BB-424E-9248-360E0658FB78}"
EndProject
Project("{FAE04EC0-301F-11D3-BF4B-00C04F79EFBC}") = "OpenWrtForum.Mcp.Tests", "test\OpenWrtForum.Mcp.Tests\OpenWrtForum.Mcp.Tests.csproj", "{E310BE2D-4563-4E05-85FB-CE4692B588FC}"
EndProject
Project("{FAE04EC0-301F-11D3-BF4B-00C04F79EFBC}") = "SageCouncil.Mcp.Tests", "test\SageCouncil.Mcp.Tests\SageCouncil.Mcp.Tests.csproj", "{7BC63BB9-034F-45BA-B2BC-82AEF1B24E0A}"
EndProject
Project("{FAE04EC0-301F-11D3-BF4B-00C04F79EFBC}") = "Sinapsi.AgentJwt.Tests", "test\Sinapsi.AgentJwt.Tests\Sinapsi.AgentJwt.Tests.csproj", "{B52AE596-CD8F-4FCD-8C39-ABA6682622F5}"
EndProject
Project("{FAE04EC0-301F-11D3-BF4B-00C04F79EFBC}") = "Sinapsi.Indexer.Tests", "test\Sinapsi.Indexer.Tests\Sinapsi.Indexer.Tests.csproj", "{7415F09D-765F-4B9A-83AF-2BB65C81C86D}"
EndProject
Project("{FAE04EC0-301F-11D3-BF4B-00C04F79EFBC}") = "Sinapsi.Nats.Tests", "test\Sinapsi.Nats.Tests\Sinapsi.Nats.Tests.csproj", "{1069A6E6-D8E2-4862-B326-F48E89D477FB}"
EndProject
Project("{FAE04EC0-301F-11D3-BF4B-00C04F79EFBC}") = "Sshgw.Mcp.Tests", "test\Sshgw.Mcp.Tests\Sshgw.Mcp.Tests.csproj", "{B9080E55-64A2-4C75-A24E-B8767AA272EC}"
EndProject
Project("{FAE04EC0-301F-11D3-BF4B-00C04F79EFBC}") = "StepCa.Mcp.Tests", "test\StepCa.Mcp.Tests\StepCa.Mcp.Tests.csproj", "{E47EDC68-2ADC-4AE6-ACDA-D192F4924995}"
EndProject
Project("{FAE04EC0-301F-11D3-BF4B-00C04F79EFBC}") = "Zitadel.Mcp.Tests", "test\Zitadel.Mcp.Tests\Zitadel.Mcp.Tests.csproj", "{403391CF-7FA4-4E66-ADE8-044A8618E194}"
EndProject
Project("{2150E333-8FDC-42A3-9474-1A3956D46DE8}") = "servers", "servers", "{E8724E52-EDE4-4EC0-A0FC-3C84B39EFDEF}"
EndProject
Project("{FAE04EC0-301F-11D3-BF4B-00C04F79EFBC}") = "Bridge.Mcp", "src\servers\Bridge.Mcp\Bridge.Mcp.csproj", "{0F6518CC-893E-4DE9-940C-C2F1A813141C}"
EndProject
Project("{FAE04EC0-301F-11D3-BF4B-00C04F79EFBC}") = "Bridge.Mcp.Tests", "test\Bridge.Mcp.Tests\Bridge.Mcp.Tests.csproj", "{0906E189-D07A-4428-805A-FD7982CC92DD}"
EndProject
Project("{FAE04EC0-301F-11D3-BF4B-00C04F79EFBC}") = "Cervello.Watcher", "src\servers\Cervello.Watcher\Cervello.Watcher.csproj", "{A5343014-4C52-4676-9CF1-7E9CECF05583}"
EndProject
Project("{FAE04EC0-301F-11D3-BF4B-00C04F79EFBC}") = "Cervello.Watcher.Tests", "test\Cervello.Watcher.Tests\Cervello.Watcher.Tests.csproj", "{AF1B3939-30FB-4DA6-8FFF-B7C071357D39}"
EndProject
Project("{FAE04EC0-301F-11D3-BF4B-00C04F79EFBC}") = "Cervello.Enrichment", "src\servers\Cervello.Enrichment\Cervello.Enrichment.csproj", "{59B337D0-67B7-4299-9E5A-D6CF7D6E28C9}"
EndProject
Project("{FAE04EC0-301F-11D3-BF4B-00C04F79EFBC}") = "Cervello.Enrichment.Tests", "test\Cervello.Enrichment.Tests\Cervello.Enrichment.Tests.csproj", "{EF50AB91-CAC1-497E-9480-8767680EAAF6}"
EndProject
Project("{FAE04EC0-301F-11D3-BF4B-00C04F79EFBC}") = "Cervello.Enrichment.Host", "src\servers\Cervello.Enrichment.Host\Cervello.Enrichment.Host.csproj", "{C03EB14E-A4A7-40BF-A829-16B9B5B10673}"
EndProject
Project("{FAE04EC0-301F-11D3-BF4B-00C04F79EFBC}") = "Cervello.Enrichment.Host.Tests", "test\Cervello.Enrichment.Host.Tests\Cervello.Enrichment.Host.Tests.csproj", "{9789BCE2-39A5-4882-B9CF-A2AE3DC99816}"
EndProject
Project("{FAE04EC0-301F-11D3-BF4B-00C04F79EFBC}") = "Sinapsi.SentinelConsole", "src\servers\Sinapsi.SentinelConsole\Sinapsi.SentinelConsole.csproj", "{B5765B96-726D-45F0-BEC9-9E1EB0E7E0C9}"
EndProject
Project("{FAE04EC0-301F-11D3-BF4B-00C04F79EFBC}") = "Sinapsi.SentinelConsole.Tests", "test\Sinapsi.SentinelConsole.Tests\Sinapsi.SentinelConsole.Tests.csproj", "{D0F950D4-9478-4F6A-A43B-7D8050957030}"
EndProject
Project("{FAE04EC0-301F-11D3-BF4B-00C04F79EFBC}") = "ApprovalBridge.Broker", "src\servers\ApprovalBridge.Broker\ApprovalBridge.Broker.csproj", "{17324A92-2E9F-4C63-804B-3454520DD3EC}"
EndProject
Project("{FAE04EC0-301F-11D3-BF4B-00C04F79EFBC}") = "ApprovalBridge.Broker.Tests", "test\ApprovalBridge.Broker.Tests\ApprovalBridge.Broker.Tests.csproj", "{74F2EA97-AF80-4EAB-8697-D885D043CC12}"
EndProject
Project("{FAE04EC0-301F-11D3-BF4B-00C04F79EFBC}") = "ApprovalBridge.Executor", "src\servers\ApprovalBridge.Executor\ApprovalBridge.Executor.csproj", "{925481AC-4969-4910-AE54-D0DE385C3C92}"
EndProject
Project("{FAE04EC0-301F-11D3-BF4B-00C04F79EFBC}") = "ApprovalBridge.Executor.Tests", "test\ApprovalBridge.Executor.Tests\ApprovalBridge.Executor.Tests.csproj", "{C7CEB4B9-6854-4A45-9E87-0821A0F55139}"
EndProject
Project("{FAE04EC0-301F-11D3-BF4B-00C04F79EFBC}") = "ApprovalBridge.Mcp", "src\servers\ApprovalBridge.Mcp\ApprovalBridge.Mcp.csproj", "{23A07B2B-348B-4431-BA7C-79083F152270}"
EndProject
Project("{FAE04EC0-301F-11D3-BF4B-00C04F79EFBC}") = "ApprovalBridge.Mcp.Tests", "test\ApprovalBridge.Mcp.Tests\ApprovalBridge.Mcp.Tests.csproj", "{F899EDC7-BF8B-4692-B734-0AECCBDB8E14}"
EndProject
Project("{FAE04EC0-301F-11D3-BF4B-00C04F79EFBC}") = "Sinapsi.DeliveryEvaluator", "src\libs\Sinapsi.DeliveryEvaluator\Sinapsi.DeliveryEvaluator.csproj", "{0FE7A68A-6275-4178-84DC-F7791A4B107E}"
EndProject
Project("{FAE04EC0-301F-11D3-BF4B-00C04F79EFBC}") = "Sinapsi.DeliveryEvaluator.Tests", "test\Sinapsi.DeliveryEvaluator.Tests\Sinapsi.DeliveryEvaluator.Tests.csproj", "{C932C25A-AD14-4C28-B434-EF89C45D4ED9}"
EndProject
Project("{FAE04EC0-301F-11D3-BF4B-00C04F79EFBC}") = "Sinapsi.DeliveryEvaluator.Grading", "src\libs\Sinapsi.DeliveryEvaluator.Grading\Sinapsi.DeliveryEvaluator.Grading.csproj", "{E02277CF-9DD2-451A-AADB-B3A8DF666EE2}"
EndProject
Project("{FAE04EC0-301F-11D3-BF4B-00C04F79EFBC}") = "Sinapsi.DeliveryEvaluator.Grading.Tests", "test\Sinapsi.DeliveryEvaluator.Grading.Tests\Sinapsi.DeliveryEvaluator.Grading.Tests.csproj", "{90E2127A-FE4F-4D2D-A4AE-CB89FF7C9DA6}"
EndProject
Project("{FAE04EC0-301F-11D3-BF4B-00C04F79EFBC}") = "Sinapsi.Governance", "src\libs\Sinapsi.Governance\Sinapsi.Governance.csproj", "{0FF23DE0-7384-45E5-8FB4-1D25518B85C9}"
EndProject
Project("{FAE04EC0-301F-11D3-BF4B-00C04F79EFBC}") = "Sinapsi.Governance.Tests", "test\Sinapsi.Governance.Tests\Sinapsi.Governance.Tests.csproj", "{597E6C35-A0FC-4460-AE1F-1249C19DFB09}"
EndProject
Global
	GlobalSection(SolutionConfigurationPlatforms) = preSolution
		Debug|Any CPU = Debug|Any CPU
		Debug|x64 = Debug|x64
		Debug|x86 = Debug|x86
		Release|Any CPU = Release|Any CPU
		Release|x64 = Release|x64
		Release|x86 = Release|x86
	EndGlobalSection
	GlobalSection(ProjectConfigurationPlatforms) = postSolution
		{6B75D9B9-9A12-47F6-AB19-24B2F72F7385}.Debug|Any CPU.ActiveCfg = Debug|Any CPU
		{6B75D9B9-9A12-47F6-AB19-24B2F72F7385}.Debug|Any CPU.Build.0 = Debug|Any CPU
		{6B75D9B9-9A12-47F6-AB19-24B2F72F7385}.Debug|x64.ActiveCfg = Debug|Any CPU
		{6B75D9B9-9A12-47F6-AB19-24B2F72F7385}.Debug|x64.Build.0 = Debug|Any CPU
		{6B75D9B9-9A12-47F6-AB19-24B2F72F7385}.Debug|x86.ActiveCfg = Debug|Any CPU
		{6B75D9B9-9A12-47F6-AB19-24B2F72F7385}.Debug|x86.Build.0 = Debug|Any CPU
		{6B75D9B9-9A12-47F6-AB19-24B2F72F7385}.Release|Any CPU.ActiveCfg = Release|Any CPU
		{6B75D9B9-9A12-47F6-AB19-24B2F72F7385}.Release|Any CPU.Build.0 = Release|Any CPU
		{6B75D9B9-9A12-47F6-AB19-24B2F72F7385}.Release|x64.ActiveCfg = Release|Any CPU
		{6B75D9B9-9A12-47F6-AB19-24B2F72F7385}.Release|x64.Build.0 = Release|Any CPU
		{6B75D9B9-9A12-47F6-AB19-24B2F72F7385}.Release|x86.ActiveCfg = Release|Any CPU
		{6B75D9B9-9A12-47F6-AB19-24B2F72F7385}.Release|x86.Build.0 = Release|Any CPU
		{57911459-2113-4088-AA75-EDB68132D474}.Debug|Any CPU.ActiveCfg = Debug|Any CPU
		{57911459-2113-4088-AA75-EDB68132D474}.Debug|Any CPU.Build.0 = Debug|Any CPU
		{57911459-2113-4088-AA75-EDB68132D474}.Debug|x64.ActiveCfg = Debug|Any CPU
		{57911459-2113-4088-AA75-EDB68132D474}.Debug|x64.Build.0 = Debug|Any CPU
		{57911459-2113-4088-AA75-EDB68132D474}.Debug|x86.ActiveCfg = Debug|Any CPU
		{57911459-2113-4088-AA75-EDB68132D474}.Debug|x86.Build.0 = Debug|Any CPU
		{57911459-2113-4088-AA75-EDB68132D474}.Release|Any CPU.ActiveCfg = Release|Any CPU
		{57911459-2113-4088-AA75-EDB68132D474}.Release|Any CPU.Build.0 = Release|Any CPU
		{57911459-2113-4088-AA75-EDB68132D474}.Release|x64.ActiveCfg = Release|Any CPU
		{57911459-2113-4088-AA75-EDB68132D474}.Release|x64.Build.0 = Release|Any CPU
		{57911459-2113-4088-AA75-EDB68132D474}.Release|x86.ActiveCfg = Release|Any CPU
		{57911459-2113-4088-AA75-EDB68132D474}.Release|x86.Build.0 = Release|Any CPU
		{267D0590-F19F-4C20-9E41-0E3F9E5593CE}.Debug|Any CPU.ActiveCfg = Debug|Any CPU
		{267D0590-F19F-4C20-9E41-0E3F9E5593CE}.Debug|Any CPU.Build.0 = Debug|Any CPU
		{267D0590-F19F-4C20-9E41-0E3F9E5593CE}.Debug|x64.ActiveCfg = Debug|Any CPU
		{267D0590-F19F-4C20-9E41-0E3F9E5593CE}.Debug|x64.Build.0 = Debug|Any CPU
		{267D0590-F19F-4C20-9E41-0E3F9E5593CE}.Debug|x86.ActiveCfg = Debug|Any CPU
		{267D0590-F19F-4C20-9E41-0E3F9E5593CE}.Debug|x86.Build.0 = Debug|Any CPU
		{267D0590-F19F-4C20-9E41-0E3F9E5593CE}.Release|Any CPU.ActiveCfg = Release|Any CPU
		{267D0590-F19F-4C20-9E41-0E3F9E5593CE}.Release|Any CPU.Build.0 = Release|Any CPU
		{267D0590-F19F-4C20-9E41-0E3F9E5593CE}.Release|x64.ActiveCfg = Release|Any CPU
		{267D0590-F19F-4C20-9E41-0E3F9E5593CE}.Release|x64.Build.0 = Release|Any CPU
		{267D0590-F19F-4C20-9E41-0E3F9E5593CE}.Release|x86.ActiveCfg = Release|Any CPU
		{267D0590-F19F-4C20-9E41-0E3F9E5593CE}.Release|x86.Build.0 = Release|Any CPU
		{0C6FF845-0AA2-4A5A-B3CB-CE442F334039}.Debug|Any CPU.ActiveCfg = Debug|Any CPU
		{0C6FF845-0AA2-4A5A-B3CB-CE442F334039}.Debug|Any CPU.Build.0 = Debug|Any CPU
		{0C6FF845-0AA2-4A5A-B3CB-CE442F334039}.Debug|x64.ActiveCfg = Debug|Any CPU
		{0C6FF845-0AA2-4A5A-B3CB-CE442F334039}.Debug|x64.Build.0 = Debug|Any CPU
		{0C6FF845-0AA2-4A5A-B3CB-CE442F334039}.Debug|x86.ActiveCfg = Debug|Any CPU
		{0C6FF845-0AA2-4A5A-B3CB-CE442F334039}.Debug|x86.Build.0 = Debug|Any CPU
		{0C6FF845-0AA2-4A5A-B3CB-CE442F334039}.Release|Any CPU.ActiveCfg = Release|Any CPU
		{0C6FF845-0AA2-4A5A-B3CB-CE442F334039}.Release|Any CPU.Build.0 = Release|Any CPU
		{0C6FF845-0AA2-4A5A-B3CB-CE442F334039}.Release|x64.ActiveCfg = Release|Any CPU
		{0C6FF845-0AA2-4A5A-B3CB-CE442F334039}.Release|x64.Build.0 = Release|Any CPU
		{0C6FF845-0AA2-4A5A-B3CB-CE442F334039}.Release|x86.ActiveCfg = Release|Any CPU
		{0C6FF845-0AA2-4A5A-B3CB-CE442F334039}.Release|x86.Build.0 = Release|Any CPU
		{E56B6A3B-58C8-4051-8BDE-F63963F05A18}.Debug|Any CPU.ActiveCfg = Debug|Any CPU
		{E56B6A3B-58C8-4051-8BDE-F63963F05A18}.Debug|Any CPU.Build.0 = Debug|Any CPU
		{E56B6A3B-58C8-4051-8BDE-F63963F05A18}.Debug|x64.ActiveCfg = Debug|Any CPU
		{E56B6A3B-58C8-4051-8BDE-F63963F05A18}.Debug|x64.Build.0 = Debug|Any CPU
		{E56B6A3B-58C8-4051-8BDE-F63963F05A18}.Debug|x86.ActiveCfg = Debug|Any CPU
		{E56B6A3B-58C8-4051-8BDE-F63963F05A18}.Debug|x86.Build.0 = Debug|Any CPU
		{E56B6A3B-58C8-4051-8BDE-F63963F05A18}.Release|Any CPU.ActiveCfg = Release|Any CPU
		{E56B6A3B-58C8-4051-8BDE-F63963F05A18}.Release|Any CPU.Build.0 = Release|Any CPU
		{E56B6A3B-58C8-4051-8BDE-F63963F05A18}.Release|x64.ActiveCfg = Release|Any CPU
		{E56B6A3B-58C8-4051-8BDE-F63963F05A18}.Release|x64.Build.0 = Release|Any CPU
		{E56B6A3B-58C8-4051-8BDE-F63963F05A18}.Release|x86.ActiveCfg = Release|Any CPU
		{E56B6A3B-58C8-4051-8BDE-F63963F05A18}.Release|x86.Build.0 = Release|Any CPU
		{8DD105B1-B99F-4498-AB45-389271C9DAC5}.Debug|Any CPU.ActiveCfg = Debug|Any CPU
		{8DD105B1-B99F-4498-AB45-389271C9DAC5}.Debug|Any CPU.Build.0 = Debug|Any CPU
		{8DD105B1-B99F-4498-AB45-389271C9DAC5}.Debug|x64.ActiveCfg = Debug|Any CPU
		{8DD105B1-B99F-4498-AB45-389271C9DAC5}.Debug|x64.Build.0 = Debug|Any CPU
		{8DD105B1-B99F-4498-AB45-389271C9DAC5}.Debug|x86.ActiveCfg = Debug|Any CPU
		{8DD105B1-B99F-4498-AB45-389271C9DAC5}.Debug|x86.Build.0 = Debug|Any CPU
		{8DD105B1-B99F-4498-AB45-389271C9DAC5}.Release|Any CPU.ActiveCfg = Release|Any CPU
		{8DD105B1-B99F-4498-AB45-389271C9DAC5}.Release|Any CPU.Build.0 = Release|Any CPU
		{8DD105B1-B99F-4498-AB45-389271C9DAC5}.Release|x64.ActiveCfg = Release|Any CPU
		{8DD105B1-B99F-4498-AB45-389271C9DAC5}.Release|x64.Build.0 = Release|Any CPU
		{8DD105B1-B99F-4498-AB45-389271C9DAC5}.Release|x86.ActiveCfg = Release|Any CPU
		{8DD105B1-B99F-4498-AB45-389271C9DAC5}.Release|x86.Build.0 = Release|Any CPU
		{2DDBAEC2-79F0-4EEE-93FF-F5C02367AC43}.Debug|Any CPU.ActiveCfg = Debug|Any CPU
		{2DDBAEC2-79F0-4EEE-93FF-F5C02367AC43}.Debug|Any CPU.Build.0 = Debug|Any CPU
		{2DDBAEC2-79F0-4EEE-93FF-F5C02367AC43}.Debug|x64.ActiveCfg = Debug|Any CPU
		{2DDBAEC2-79F0-4EEE-93FF-F5C02367AC43}.Debug|x64.Build.0 = Debug|Any CPU
		{2DDBAEC2-79F0-4EEE-93FF-F5C02367AC43}.Debug|x86.ActiveCfg = Debug|Any CPU
		{2DDBAEC2-79F0-4EEE-93FF-F5C02367AC43}.Debug|x86.Build.0 = Debug|Any CPU
		{2DDBAEC2-79F0-4EEE-93FF-F5C02367AC43}.Release|Any CPU.ActiveCfg = Release|Any CPU
		{2DDBAEC2-79F0-4EEE-93FF-F5C02367AC43}.Release|Any CPU.Build.0 = Release|Any CPU
		{2DDBAEC2-79F0-4EEE-93FF-F5C02367AC43}.Release|x64.ActiveCfg = Release|Any CPU
		{2DDBAEC2-79F0-4EEE-93FF-F5C02367AC43}.Release|x64.Build.0 = Release|Any CPU
		{2DDBAEC2-79F0-4EEE-93FF-F5C02367AC43}.Release|x86.ActiveCfg = Release|Any CPU
		{2DDBAEC2-79F0-4EEE-93FF-F5C02367AC43}.Release|x86.Build.0 = Release|Any CPU
		{0A4578AA-9E7F-4D7B-95B1-73A11A654C07}.Debug|Any CPU.ActiveCfg = Debug|Any CPU
		{0A4578AA-9E7F-4D7B-95B1-73A11A654C07}.Debug|Any CPU.Build.0 = Debug|Any CPU
		{0A4578AA-9E7F-4D7B-95B1-73A11A654C07}.Debug|x64.ActiveCfg = Debug|Any CPU
		{0A4578AA-9E7F-4D7B-95B1-73A11A654C07}.Debug|x64.Build.0 = Debug|Any CPU
		{0A4578AA-9E7F-4D7B-95B1-73A11A654C07}.Debug|x86.ActiveCfg = Debug|Any CPU
		{0A4578AA-9E7F-4D7B-95B1-73A11A654C07}.Debug|x86.Build.0 = Debug|Any CPU
		{0A4578AA-9E7F-4D7B-95B1-73A11A654C07}.Release|Any CPU.ActiveCfg = Release|Any CPU
		{0A4578AA-9E7F-4D7B-95B1-73A11A654C07}.Release|Any CPU.Build.0 = Release|Any CPU
		{0A4578AA-9E7F-4D7B-95B1-73A11A654C07}.Release|x64.ActiveCfg = Release|Any CPU
		{0A4578AA-9E7F-4D7B-95B1-73A11A654C07}.Release|x64.Build.0 = Release|Any CPU
		{0A4578AA-9E7F-4D7B-95B1-73A11A654C07}.Release|x86.ActiveCfg = Release|Any CPU
		{0A4578AA-9E7F-4D7B-95B1-73A11A654C07}.Release|x86.Build.0 = Release|Any CPU
		{53958302-EE68-4FF4-BD09-C651785C97DE}.Debug|Any CPU.ActiveCfg = Debug|Any CPU
		{53958302-EE68-4FF4-BD09-C651785C97DE}.Debug|Any CPU.Build.0 = Debug|Any CPU
		{53958302-EE68-4FF4-BD09-C651785C97DE}.Debug|x64.ActiveCfg = Debug|Any CPU
		{53958302-EE68-4FF4-BD09-C651785C97DE}.Debug|x64.Build.0 = Debug|Any CPU
		{53958302-EE68-4FF4-BD09-C651785C97DE}.Debug|x86.ActiveCfg = Debug|Any CPU
		{53958302-EE68-4FF4-BD09-C651785C97DE}.Debug|x86.Build.0 = Debug|Any CPU
		{53958302-EE68-4FF4-BD09-C651785C97DE}.Release|Any CPU.ActiveCfg = Release|Any CPU
		{53958302-EE68-4FF4-BD09-C651785C97DE}.Release|Any CPU.Build.0 = Release|Any CPU
		{53958302-EE68-4FF4-BD09-C651785C97DE}.Release|x64.ActiveCfg = Release|Any CPU
		{53958302-EE68-4FF4-BD09-C651785C97DE}.Release|x64.Build.0 = Release|Any CPU
		{53958302-EE68-4FF4-BD09-C651785C97DE}.Release|x86.ActiveCfg = Release|Any CPU
		{53958302-EE68-4FF4-BD09-C651785C97DE}.Release|x86.Build.0 = Release|Any CPU
		{A3170E7B-7488-421A-B46A-638199B930DE}.Debug|Any CPU.ActiveCfg = Debug|Any CPU
		{A3170E7B-7488-421A-B46A-638199B930DE}.Debug|Any CPU.Build.0 = Debug|Any CPU
		{A3170E7B-7488-421A-B46A-638199B930DE}.Debug|x64.ActiveCfg = Debug|Any CPU
		{A3170E7B-7488-421A-B46A-638199B930DE}.Debug|x64.Build.0 = Debug|Any CPU
		{A3170E7B-7488-421A-B46A-638199B930DE}.Debug|x86.ActiveCfg = Debug|Any CPU
		{A3170E7B-7488-421A-B46A-638199B930DE}.Debug|x86.Build.0 = Debug|Any CPU
		{A3170E7B-7488-421A-B46A-638199B930DE}.Release|Any CPU.ActiveCfg = Release|Any CPU
		{A3170E7B-7488-421A-B46A-638199B930DE}.Release|Any CPU.Build.0 = Release|Any CPU
		{A3170E7B-7488-421A-B46A-638199B930DE}.Release|x64.ActiveCfg = Release|Any CPU
		{A3170E7B-7488-421A-B46A-638199B930DE}.Release|x64.Build.0 = Release|Any CPU
		{A3170E7B-7488-421A-B46A-638199B930DE}.Release|x86.ActiveCfg = Release|Any CPU
		{A3170E7B-7488-421A-B46A-638199B930DE}.Release|x86.Build.0 = Release|Any CPU
		{0D1940C5-F3E2-4140-A25F-0105C62D8BE6}.Debug|Any CPU.ActiveCfg = Debug|Any CPU
		{0D1940C5-F3E2-4140-A25F-0105C62D8BE6}.Debug|Any CPU.Build.0 = Debug|Any CPU
		{0D1940C5-F3E2-4140-A25F-0105C62D8BE6}.Debug|x64.ActiveCfg = Debug|Any CPU
		{0D1940C5-F3E2-4140-A25F-0105C62D8BE6}.Debug|x64.Build.0 = Debug|Any CPU
		{0D1940C5-F3E2-4140-A25F-0105C62D8BE6}.Debug|x86.ActiveCfg = Debug|Any CPU
		{0D1940C5-F3E2-4140-A25F-0105C62D8BE6}.Debug|x86.Build.0 = Debug|Any CPU
		{0D1940C5-F3E2-4140-A25F-0105C62D8BE6}.Release|Any CPU.ActiveCfg = Release|Any CPU
		{0D1940C5-F3E2-4140-A25F-0105C62D8BE6}.Release|Any CPU.Build.0 = Release|Any CPU
		{0D1940C5-F3E2-4140-A25F-0105C62D8BE6}.Release|x64.ActiveCfg = Release|Any CPU
		{0D1940C5-F3E2-4140-A25F-0105C62D8BE6}.Release|x64.Build.0 = Release|Any CPU
		{0D1940C5-F3E2-4140-A25F-0105C62D8BE6}.Release|x86.ActiveCfg = Release|Any CPU
		{0D1940C5-F3E2-4140-A25F-0105C62D8BE6}.Release|x86.Build.0 = Release|Any CPU
		{DBBF4C14-7A6C-43FD-A103-3B7DE1849444}.Debug|Any CPU.ActiveCfg = Debug|Any CPU
		{DBBF4C14-7A6C-43FD-A103-3B7DE1849444}.Debug|Any CPU.Build.0 = Debug|Any CPU
		{DBBF4C14-7A6C-43FD-A103-3B7DE1849444}.Debug|x64.ActiveCfg = Debug|Any CPU
		{DBBF4C14-7A6C-43FD-A103-3B7DE1849444}.Debug|x64.Build.0 = Debug|Any CPU
		{DBBF4C14-7A6C-43FD-A103-3B7DE1849444}.Debug|x86.ActiveCfg = Debug|Any CPU
		{DBBF4C14-7A6C-43FD-A103-3B7DE1849444}.Debug|x86.Build.0 = Debug|Any CPU
		{DBBF4C14-7A6C-43FD-A103-3B7DE1849444}.Release|Any CPU.ActiveCfg = Release|Any CPU
		{DBBF4C14-7A6C-43FD-A103-3B7DE1849444}.Release|Any CPU.Build.0 = Release|Any CPU
		{DBBF4C14-7A6C-43FD-A103-3B7DE1849444}.Release|x64.ActiveCfg = Release|Any CPU
		{DBBF4C14-7A6C-43FD-A103-3B7DE1849444}.Release|x64.Build.0 = Release|Any CPU
		{DBBF4C14-7A6C-43FD-A103-3B7DE1849444}.Release|x86.ActiveCfg = Release|Any CPU
		{DBBF4C14-7A6C-43FD-A103-3B7DE1849444}.Release|x86.Build.0 = Release|Any CPU
		{1CC877E9-9F55-4C45-A247-FB9E36CD2A51}.Debug|Any CPU.ActiveCfg = Debug|Any CPU
		{1CC877E9-9F55-4C45-A247-FB9E36CD2A51}.Debug|Any CPU.Build.0 = Debug|Any CPU
		{1CC877E9-9F55-4C45-A247-FB9E36CD2A51}.Debug|x64.ActiveCfg = Debug|Any CPU
		{1CC877E9-9F55-4C45-A247-FB9E36CD2A51}.Debug|x64.Build.0 = Debug|Any CPU
		{1CC877E9-9F55-4C45-A247-FB9E36CD2A51}.Debug|x86.ActiveCfg = Debug|Any CPU
		{1CC877E9-9F55-4C45-A247-FB9E36CD2A51}.Debug|x86.Build.0 = Debug|Any CPU
		{1CC877E9-9F55-4C45-A247-FB9E36CD2A51}.Release|Any CPU.ActiveCfg = Release|Any CPU
		{1CC877E9-9F55-4C45-A247-FB9E36CD2A51}.Release|Any CPU.Build.0 = Release|Any CPU
		{1CC877E9-9F55-4C45-A247-FB9E36CD2A51}.Release|x64.ActiveCfg = Release|Any CPU
		{1CC877E9-9F55-4C45-A247-FB9E36CD2A51}.Release|x64.Build.0 = Release|Any CPU
		{1CC877E9-9F55-4C45-A247-FB9E36CD2A51}.Release|x86.ActiveCfg = Release|Any CPU
		{1CC877E9-9F55-4C45-A247-FB9E36CD2A51}.Release|x86.Build.0 = Release|Any CPU
		{AFBCE007-6268-467A-A896-388F3A6A78A8}.Debug|Any CPU.ActiveCfg = Debug|Any CPU
		{AFBCE007-6268-467A-A896-388F3A6A78A8}.Debug|Any CPU.Build.0 = Debug|Any CPU
		{AFBCE007-6268-467A-A896-388F3A6A78A8}.Debug|x64.ActiveCfg = Debug|Any CPU
		{AFBCE007-6268-467A-A896-388F3A6A78A8}.Debug|x64.Build.0 = Debug|Any CPU
		{AFBCE007-6268-467A-A896-388F3A6A78A8}.Debug|x86.ActiveCfg = Debug|Any CPU
		{AFBCE007-6268-467A-A896-388F3A6A78A8}.Debug|x86.Build.0 = Debug|Any CPU
		{AFBCE007-6268-467A-A896-388F3A6A78A8}.Release|Any CPU.ActiveCfg = Release|Any CPU
		{AFBCE007-6268-467A-A896-388F3A6A78A8}.Release|Any CPU.Build.0 = Release|Any CPU
		{AFBCE007-6268-467A-A896-388F3A6A78A8}.Release|x64.ActiveCfg = Release|Any CPU
		{AFBCE007-6268-467A-A896-388F3A6A78A8}.Release|x64.Build.0 = Release|Any CPU
		{AFBCE007-6268-467A-A896-388F3A6A78A8}.Release|x86.ActiveCfg = Release|Any CPU
		{AFBCE007-6268-467A-A896-388F3A6A78A8}.Release|x86.Build.0 = Release|Any CPU
		{30D5E74A-E0E1-4F64-B579-3C63B335229D}.Debug|Any CPU.ActiveCfg = Debug|Any CPU
		{30D5E74A-E0E1-4F64-B579-3C63B335229D}.Debug|Any CPU.Build.0 = Debug|Any CPU
		{30D5E74A-E0E1-4F64-B579-3C63B335229D}.Debug|x64.ActiveCfg = Debug|Any CPU
		{30D5E74A-E0E1-4F64-B579-3C63B335229D}.Debug|x64.Build.0 = Debug|Any CPU
		{30D5E74A-E0E1-4F64-B579-3C63B335229D}.Debug|x86.ActiveCfg = Debug|Any CPU
		{30D5E74A-E0E1-4F64-B579-3C63B335229D}.Debug|x86.Build.0 = Debug|Any CPU
		{30D5E74A-E0E1-4F64-B579-3C63B335229D}.Release|Any CPU.ActiveCfg = Release|Any CPU
		{30D5E74A-E0E1-4F64-B579-3C63B335229D}.Release|Any CPU.Build.0 = Release|Any CPU
		{30D5E74A-E0E1-4F64-B579-3C63B335229D}.Release|x64.ActiveCfg = Release|Any CPU
		{30D5E74A-E0E1-4F64-B579-3C63B335229D}.Release|x64.Build.0 = Release|Any CPU
		{30D5E74A-E0E1-4F64-B579-3C63B335229D}.Release|x86.ActiveCfg = Release|Any CPU
		{30D5E74A-E0E1-4F64-B579-3C63B335229D}.Release|x86.Build.0 = Release|Any CPU
		{19D4BC39-3D4F-4119-8000-6F63F4B12887}.Debug|Any CPU.ActiveCfg = Debug|Any CPU
		{19D4BC39-3D4F-4119-8000-6F63F4B12887}.Debug|Any CPU.Build.0 = Debug|Any CPU
		{19D4BC39-3D4F-4119-8000-6F63F4B12887}.Debug|x64.ActiveCfg = Debug|Any CPU
		{19D4BC39-3D4F-4119-8000-6F63F4B12887}.Debug|x64.Build.0 = Debug|Any CPU
		{19D4BC39-3D4F-4119-8000-6F63F4B12887}.Debug|x86.ActiveCfg = Debug|Any CPU
		{19D4BC39-3D4F-4119-8000-6F63F4B12887}.Debug|x86.Build.0 = Debug|Any CPU
		{19D4BC39-3D4F-4119-8000-6F63F4B12887}.Release|Any CPU.ActiveCfg = Release|Any CPU
		{19D4BC39-3D4F-4119-8000-6F63F4B12887}.Release|Any CPU.Build.0 = Release|Any CPU
		{19D4BC39-3D4F-4119-8000-6F63F4B12887}.Release|x64.ActiveCfg = Release|Any CPU
		{19D4BC39-3D4F-4119-8000-6F63F4B12887}.Release|x64.Build.0 = Release|Any CPU
		{19D4BC39-3D4F-4119-8000-6F63F4B12887}.Release|x86.ActiveCfg = Release|Any CPU
		{19D4BC39-3D4F-4119-8000-6F63F4B12887}.Release|x86.Build.0 = Release|Any CPU
		{A4BC9564-E7FC-44EC-BE39-8C879AD2DFF5}.Debug|Any CPU.ActiveCfg = Debug|Any CPU
		{A4BC9564-E7FC-44EC-BE39-8C879AD2DFF5}.Debug|Any CPU.Build.0 = Debug|Any CPU
		{A4BC9564-E7FC-44EC-BE39-8C879AD2DFF5}.Debug|x64.ActiveCfg = Debug|Any CPU
		{A4BC9564-E7FC-44EC-BE39-8C879AD2DFF5}.Debug|x64.Build.0 = Debug|Any CPU
		{A4BC9564-E7FC-44EC-BE39-8C879AD2DFF5}.Debug|x86.ActiveCfg = Debug|Any CPU
		{A4BC9564-E7FC-44EC-BE39-8C879AD2DFF5}.Debug|x86.Build.0 = Debug|Any CPU
		{A4BC9564-E7FC-44EC-BE39-8C879AD2DFF5}.Release|Any CPU.ActiveCfg = Release|Any CPU
		{A4BC9564-E7FC-44EC-BE39-8C879AD2DFF5}.Release|Any CPU.Build.0 = Release|Any CPU
		{A4BC9564-E7FC-44EC-BE39-8C879AD2DFF5}.Release|x64.ActiveCfg = Release|Any CPU
		{A4BC9564-E7FC-44EC-BE39-8C879AD2DFF5}.Release|x64.Build.0 = Release|Any CPU
		{A4BC9564-E7FC-44EC-BE39-8C879AD2DFF5}.Release|x86.ActiveCfg = Release|Any CPU
		{A4BC9564-E7FC-44EC-BE39-8C879AD2DFF5}.Release|x86.Build.0 = Release|Any CPU
		{4EC13A70-A67B-4ADE-B963-17C84D0A5D4F}.Debug|Any CPU.ActiveCfg = Debug|Any CPU
		{4EC13A70-A67B-4ADE-B963-17C84D0A5D4F}.Debug|Any CPU.Build.0 = Debug|Any CPU
		{4EC13A70-A67B-4ADE-B963-17C84D0A5D4F}.Debug|x64.ActiveCfg = Debug|Any CPU
		{4EC13A70-A67B-4ADE-B963-17C84D0A5D4F}.Debug|x64.Build.0 = Debug|Any CPU
		{4EC13A70-A67B-4ADE-B963-17C84D0A5D4F}.Debug|x86.ActiveCfg = Debug|Any CPU
		{4EC13A70-A67B-4ADE-B963-17C84D0A5D4F}.Debug|x86.Build.0 = Debug|Any CPU
		{4EC13A70-A67B-4ADE-B963-17C84D0A5D4F}.Release|Any CPU.ActiveCfg = Release|Any CPU
		{4EC13A70-A67B-4ADE-B963-17C84D0A5D4F}.Release|Any CPU.Build.0 = Release|Any CPU
		{4EC13A70-A67B-4ADE-B963-17C84D0A5D4F}.Release|x64.ActiveCfg = Release|Any CPU
		{4EC13A70-A67B-4ADE-B963-17C84D0A5D4F}.Release|x64.Build.0 = Release|Any CPU
		{4EC13A70-A67B-4ADE-B963-17C84D0A5D4F}.Release|x86.ActiveCfg = Release|Any CPU
		{4EC13A70-A67B-4ADE-B963-17C84D0A5D4F}.Release|x86.Build.0 = Release|Any CPU
		{BE34C5D5-1A2E-4EEC-9733-717E02D04791}.Debug|Any CPU.ActiveCfg = Debug|Any CPU
		{BE34C5D5-1A2E-4EEC-9733-717E02D04791}.Debug|Any CPU.Build.0 = Debug|Any CPU
		{BE34C5D5-1A2E-4EEC-9733-717E02D04791}.Debug|x64.ActiveCfg = Debug|Any CPU
		{BE34C5D5-1A2E-4EEC-9733-717E02D04791}.Debug|x64.Build.0 = Debug|Any CPU
		{BE34C5D5-1A2E-4EEC-9733-717E02D04791}.Debug|x86.ActiveCfg = Debug|Any CPU
		{BE34C5D5-1A2E-4EEC-9733-717E02D04791}.Debug|x86.Build.0 = Debug|Any CPU
		{BE34C5D5-1A2E-4EEC-9733-717E02D04791}.Release|Any CPU.ActiveCfg = Release|Any CPU
		{BE34C5D5-1A2E-4EEC-9733-717E02D04791}.Release|Any CPU.Build.0 = Release|Any CPU
		{BE34C5D5-1A2E-4EEC-9733-717E02D04791}.Release|x64.ActiveCfg = Release|Any CPU
		{BE34C5D5-1A2E-4EEC-9733-717E02D04791}.Release|x64.Build.0 = Release|Any CPU
		{BE34C5D5-1A2E-4EEC-9733-717E02D04791}.Release|x86.ActiveCfg = Release|Any CPU
		{BE34C5D5-1A2E-4EEC-9733-717E02D04791}.Release|x86.Build.0 = Release|Any CPU
		{4395E8A5-FA38-421B-BBA5-DC79A1C2A67E}.Debug|Any CPU.ActiveCfg = Debug|Any CPU
		{4395E8A5-FA38-421B-BBA5-DC79A1C2A67E}.Debug|Any CPU.Build.0 = Debug|Any CPU
		{4395E8A5-FA38-421B-BBA5-DC79A1C2A67E}.Debug|x64.ActiveCfg = Debug|Any CPU
		{4395E8A5-FA38-421B-BBA5-DC79A1C2A67E}.Debug|x64.Build.0 = Debug|Any CPU
		{4395E8A5-FA38-421B-BBA5-DC79A1C2A67E}.Debug|x86.ActiveCfg = Debug|Any CPU
		{4395E8A5-FA38-421B-BBA5-DC79A1C2A67E}.Debug|x86.Build.0 = Debug|Any CPU
		{4395E8A5-FA38-421B-BBA5-DC79A1C2A67E}.Release|Any CPU.ActiveCfg = Release|Any CPU
		{4395E8A5-FA38-421B-BBA5-DC79A1C2A67E}.Release|Any CPU.Build.0 = Release|Any CPU
		{4395E8A5-FA38-421B-BBA5-DC79A1C2A67E}.Release|x64.ActiveCfg = Release|Any CPU
		{4395E8A5-FA38-421B-BBA5-DC79A1C2A67E}.Release|x64.Build.0 = Release|Any CPU
		{4395E8A5-FA38-421B-BBA5-DC79A1C2A67E}.Release|x86.ActiveCfg = Release|Any CPU
		{4395E8A5-FA38-421B-BBA5-DC79A1C2A67E}.Release|x86.Build.0 = Release|Any CPU
		{72962790-9055-4C4E-BF27-0D262ECCA182}.Debug|Any CPU.ActiveCfg = Debug|Any CPU
		{72962790-9055-4C4E-BF27-0D262ECCA182}.Debug|Any CPU.Build.0 = Debug|Any CPU
		{72962790-9055-4C4E-BF27-0D262ECCA182}.Debug|x64.ActiveCfg = Debug|Any CPU
		{72962790-9055-4C4E-BF27-0D262ECCA182}.Debug|x64.Build.0 = Debug|Any CPU
		{72962790-9055-4C4E-BF27-0D262ECCA182}.Debug|x86.ActiveCfg = Debug|Any CPU
		{72962790-9055-4C4E-BF27-0D262ECCA182}.Debug|x86.Build.0 = Debug|Any CPU
		{72962790-9055-4C4E-BF27-0D262ECCA182}.Release|Any CPU.ActiveCfg = Release|Any CPU
		{72962790-9055-4C4E-BF27-0D262ECCA182}.Release|Any CPU.Build.0 = Release|Any CPU
		{72962790-9055-4C4E-BF27-0D262ECCA182}.Release|x64.ActiveCfg = Release|Any CPU
		{72962790-9055-4C4E-BF27-0D262ECCA182}.Release|x64.Build.0 = Release|Any CPU
		{72962790-9055-4C4E-BF27-0D262ECCA182}.Release|x86.ActiveCfg = Release|Any CPU
		{72962790-9055-4C4E-BF27-0D262ECCA182}.Release|x86.Build.0 = Release|Any CPU
		{4874358F-B472-4236-9541-985794B55E4B}.Debug|Any CPU.ActiveCfg = Debug|Any CPU
		{4874358F-B472-4236-9541-985794B55E4B}.Debug|Any CPU.Build.0 = Debug|Any CPU
		{4874358F-B472-4236-9541-985794B55E4B}.Debug|x64.ActiveCfg = Debug|Any CPU
		{4874358F-B472-4236-9541-985794B55E4B}.Debug|x64.Build.0 = Debug|Any CPU
		{4874358F-B472-4236-9541-985794B55E4B}.Debug|x86.ActiveCfg = Debug|Any CPU
		{4874358F-B472-4236-9541-985794B55E4B}.Debug|x86.Build.0 = Debug|Any CPU
		{4874358F-B472-4236-9541-985794B55E4B}.Release|Any CPU.ActiveCfg = Release|Any CPU
		{4874358F-B472-4236-9541-985794B55E4B}.Release|Any CPU.Build.0 = Release|Any CPU
		{4874358F-B472-4236-9541-985794B55E4B}.Release|x64.ActiveCfg = Release|Any CPU
		{4874358F-B472-4236-9541-985794B55E4B}.Release|x64.Build.0 = Release|Any CPU
		{4874358F-B472-4236-9541-985794B55E4B}.Release|x86.ActiveCfg = Release|Any CPU
		{4874358F-B472-4236-9541-985794B55E4B}.Release|x86.Build.0 = Release|Any CPU
		{C7662BD7-4844-49EE-9923-892CE80FF320}.Debug|Any CPU.ActiveCfg = Debug|Any CPU
		{C7662BD7-4844-49EE-9923-892CE80FF320}.Debug|Any CPU.Build.0 = Debug|Any CPU
		{C7662BD7-4844-49EE-9923-892CE80FF320}.Debug|x64.ActiveCfg = Debug|Any CPU
		{C7662BD7-4844-49EE-9923-892CE80FF320}.Debug|x64.Build.0 = Debug|Any CPU
		{C7662BD7-4844-49EE-9923-892CE80FF320}.Debug|x86.ActiveCfg = Debug|Any CPU
		{C7662BD7-4844-49EE-9923-892CE80FF320}.Debug|x86.Build.0 = Debug|Any CPU
		{C7662BD7-4844-49EE-9923-892CE80FF320}.Release|Any CPU.ActiveCfg = Release|Any CPU
		{C7662BD7-4844-49EE-9923-892CE80FF320}.Release|Any CPU.Build.0 = Release|Any CPU
		{C7662BD7-4844-49EE-9923-892CE80FF320}.Release|x64.ActiveCfg = Release|Any CPU
		{C7662BD7-4844-49EE-9923-892CE80FF320}.Release|x64.Build.0 = Release|Any CPU
		{C7662BD7-4844-49EE-9923-892CE80FF320}.Release|x86.ActiveCfg = Release|Any CPU
		{C7662BD7-4844-49EE-9923-892CE80FF320}.Release|x86.Build.0 = Release|Any CPU
		{33A9BF62-E7C7-4793-81B4-FFC03CAF90AB}.Debug|Any CPU.ActiveCfg = Debug|Any CPU
		{33A9BF62-E7C7-4793-81B4-FFC03CAF90AB}.Debug|Any CPU.Build.0 = Debug|Any CPU
		{33A9BF62-E7C7-4793-81B4-FFC03CAF90AB}.Debug|x64.ActiveCfg = Debug|Any CPU
		{33A9BF62-E7C7-4793-81B4-FFC03CAF90AB}.Debug|x64.Build.0 = Debug|Any CPU
		{33A9BF62-E7C7-4793-81B4-FFC03CAF90AB}.Debug|x86.ActiveCfg = Debug|Any CPU
		{33A9BF62-E7C7-4793-81B4-FFC03CAF90AB}.Debug|x86.Build.0 = Debug|Any CPU
		{33A9BF62-E7C7-4793-81B4-FFC03CAF90AB}.Release|Any CPU.ActiveCfg = Release|Any CPU
		{33A9BF62-E7C7-4793-81B4-FFC03CAF90AB}.Release|Any CPU.Build.0 = Release|Any CPU
		{33A9BF62-E7C7-4793-81B4-FFC03CAF90AB}.Release|x64.ActiveCfg = Release|Any CPU
		{33A9BF62-E7C7-4793-81B4-FFC03CAF90AB}.Release|x64.Build.0 = Release|Any CPU
		{33A9BF62-E7C7-4793-81B4-FFC03CAF90AB}.Release|x86.ActiveCfg = Release|Any CPU
		{33A9BF62-E7C7-4793-81B4-FFC03CAF90AB}.Release|x86.Build.0 = Release|Any CPU
		{7C55E308-68DD-4F24-88DB-5D7FC990D162}.Debug|Any CPU.ActiveCfg = Debug|Any CPU
		{7C55E308-68DD-4F24-88DB-5D7FC990D162}.Debug|Any CPU.Build.0 = Debug|Any CPU
		{7C55E308-68DD-4F24-88DB-5D7FC990D162}.Debug|x64.ActiveCfg = Debug|Any CPU
		{7C55E308-68DD-4F24-88DB-5D7FC990D162}.Debug|x64.Build.0 = Debug|Any CPU
		{7C55E308-68DD-4F24-88DB-5D7FC990D162}.Debug|x86.ActiveCfg = Debug|Any CPU
		{7C55E308-68DD-4F24-88DB-5D7FC990D162}.Debug|x86.Build.0 = Debug|Any CPU
		{7C55E308-68DD-4F24-88DB-5D7FC990D162}.Release|Any CPU.ActiveCfg = Release|Any CPU
		{7C55E308-68DD-4F24-88DB-5D7FC990D162}.Release|Any CPU.Build.0 = Release|Any CPU
		{7C55E308-68DD-4F24-88DB-5D7FC990D162}.Release|x64.ActiveCfg = Release|Any CPU
		{7C55E308-68DD-4F24-88DB-5D7FC990D162}.Release|x64.Build.0 = Release|Any CPU
		{7C55E308-68DD-4F24-88DB-5D7FC990D162}.Release|x86.ActiveCfg = Release|Any CPU
		{7C55E308-68DD-4F24-88DB-5D7FC990D162}.Release|x86.Build.0 = Release|Any CPU
		{4236343D-B5BB-424E-9248-360E0658FB78}.Debug|Any CPU.ActiveCfg = Debug|Any CPU
		{4236343D-B5BB-424E-9248-360E0658FB78}.Debug|Any CPU.Build.0 = Debug|Any CPU
		{4236343D-B5BB-424E-9248-360E0658FB78}.Debug|x64.ActiveCfg = Debug|Any CPU
		{4236343D-B5BB-424E-9248-360E0658FB78}.Debug|x64.Build.0 = Debug|Any CPU
		{4236343D-B5BB-424E-9248-360E0658FB78}.Debug|x86.ActiveCfg = Debug|Any CPU
		{4236343D-B5BB-424E-9248-360E0658FB78}.Debug|x86.Build.0 = Debug|Any CPU
		{4236343D-B5BB-424E-9248-360E0658FB78}.Release|Any CPU.ActiveCfg = Release|Any CPU
		{4236343D-B5BB-424E-9248-360E0658FB78}.Release|Any CPU.Build.0 = Release|Any CPU
		{4236343D-B5BB-424E-9248-360E0658FB78}.Release|x64.ActiveCfg = Release|Any CPU
		{4236343D-B5BB-424E-9248-360E0658FB78}.Release|x64.Build.0 = Release|Any CPU
		{4236343D-B5BB-424E-9248-360E0658FB78}.Release|x86.ActiveCfg = Release|Any CPU
		{4236343D-B5BB-424E-9248-360E0658FB78}.Release|x86.Build.0 = Release|Any CPU
		{E310BE2D-4563-4E05-85FB-CE4692B588FC}.Debug|Any CPU.ActiveCfg = Debug|Any CPU
		{E310BE2D-4563-4E05-85FB-CE4692B588FC}.Debug|Any CPU.Build.0 = Debug|Any CPU
		{E310BE2D-4563-4E05-85FB-CE4692B588FC}.Debug|x64.ActiveCfg = Debug|Any CPU
		{E310BE2D-4563-4E05-85FB-CE4692B588FC}.Debug|x64.Build.0 = Debug|Any CPU
		{E310BE2D-4563-4E05-85FB-CE4692B588FC}.Debug|x86.ActiveCfg = Debug|Any CPU
		{E310BE2D-4563-4E05-85FB-CE4692B588FC}.Debug|x86.Build.0 = Debug|Any CPU
		{E310BE2D-4563-4E05-85FB-CE4692B588FC}.Release|Any CPU.ActiveCfg = Release|Any CPU
		{E310BE2D-4563-4E05-85FB-CE4692B588FC}.Release|Any CPU.Build.0 = Release|Any CPU
		{E310BE2D-4563-4E05-85FB-CE4692B588FC}.Release|x64.ActiveCfg = Release|Any CPU
		{E310BE2D-4563-4E05-85FB-CE4692B588FC}.Release|x64.Build.0 = Release|Any CPU
		{E310BE2D-4563-4E05-85FB-CE4692B588FC}.Release|x86.ActiveCfg = Release|Any CPU
		{E310BE2D-4563-4E05-85FB-CE4692B588FC}.Release|x86.Build.0 = Release|Any CPU
		{7BC63BB9-034F-45BA-B2BC-82AEF1B24E0A}.Debug|Any CPU.ActiveCfg = Debug|Any CPU
		{7BC63BB9-034F-45BA-B2BC-82AEF1B24E0A}.Debug|Any CPU.Build.0 = Debug|Any CPU
		{7BC63BB9-034F-45BA-B2BC-82AEF1B24E0A}.Debug|x64.ActiveCfg = Debug|Any CPU
		{7BC63BB9-034F-45BA-B2BC-82AEF1B24E0A}.Debug|x64.Build.0 = Debug|Any CPU
		{7BC63BB9-034F-45BA-B2BC-82AEF1B24E0A}.Debug|x86.ActiveCfg = Debug|Any CPU
		{7BC63BB9-034F-45BA-B2BC-82AEF1B24E0A}.Debug|x86.Build.0 = Debug|Any CPU
		{7BC63BB9-034F-45BA-B2BC-82AEF1B24E0A}.Release|Any CPU.ActiveCfg = Release|Any CPU
		{7BC63BB9-034F-45BA-B2BC-82AEF1B24E0A}.Release|Any CPU.Build.0 = Release|Any CPU
		{7BC63BB9-034F-45BA-B2BC-82AEF1B24E0A}.Release|x64.ActiveCfg = Release|Any CPU
		{7BC63BB9-034F-45BA-B2BC-82AEF1B24E0A}.Release|x64.Build.0 = Release|Any CPU
		{7BC63BB9-034F-45BA-B2BC-82AEF1B24E0A}.Release|x86.ActiveCfg = Release|Any CPU
		{7BC63BB9-034F-45BA-B2BC-82AEF1B24E0A}.Release|x86.Build.0 = Release|Any CPU
		{B52AE596-CD8F-4FCD-8C39-ABA6682622F5}.Debug|Any CPU.ActiveCfg = Debug|Any CPU
		{B52AE596-CD8F-4FCD-8C39-ABA6682622F5}.Debug|Any CPU.Build.0 = Debug|Any CPU
		{B52AE596-CD8F-4FCD-8C39-ABA6682622F5}.Debug|x64.ActiveCfg = Debug|Any CPU
		{B52AE596-CD8F-4FCD-8C39-ABA6682622F5}.Debug|x64.Build.0 = Debug|Any CPU
		{B52AE596-CD8F-4FCD-8C39-ABA6682622F5}.Debug|x86.ActiveCfg = Debug|Any CPU
		{B52AE596-CD8F-4FCD-8C39-ABA6682622F5}.Debug|x86.Build.0 = Debug|Any CPU
		{B52AE596-CD8F-4FCD-8C39-ABA6682622F5}.Release|Any CPU.ActiveCfg = Release|Any CPU
		{B52AE596-CD8F-4FCD-8C39-ABA6682622F5}.Release|Any CPU.Build.0 = Release|Any CPU
		{B52AE596-CD8F-4FCD-8C39-ABA6682622F5}.Release|x64.ActiveCfg = Release|Any CPU
		{B52AE596-CD8F-4FCD-8C39-ABA6682622F5}.Release|x64.Build.0 = Release|Any CPU
		{B52AE596-CD8F-4FCD-8C39-ABA6682622F5}.Release|x86.ActiveCfg = Release|Any CPU
		{B52AE596-CD8F-4FCD-8C39-ABA6682622F5}.Release|x86.Build.0 = Release|Any CPU
		{7415F09D-765F-4B9A-83AF-2BB65C81C86D}.Debug|Any CPU.ActiveCfg = Debug|Any CPU
		{7415F09D-765F-4B9A-83AF-2BB65C81C86D}.Debug|Any CPU.Build.0 = Debug|Any CPU
		{7415F09D-765F-4B9A-83AF-2BB65C81C86D}.Debug|x64.ActiveCfg = Debug|Any CPU
		{7415F09D-765F-4B9A-83AF-2BB65C81C86D}.Debug|x64.Build.0 = Debug|Any CPU
		{7415F09D-765F-4B9A-83AF-2BB65C81C86D}.Debug|x86.ActiveCfg = Debug|Any CPU
		{7415F09D-765F-4B9A-83AF-2BB65C81C86D}.Debug|x86.Build.0 = Debug|Any CPU
		{7415F09D-765F-4B9A-83AF-2BB65C81C86D}.Release|Any CPU.ActiveCfg = Release|Any CPU
		{7415F09D-765F-4B9A-83AF-2BB65C81C86D}.Release|Any CPU.Build.0 = Release|Any CPU
		{7415F09D-765F-4B9A-83AF-2BB65C81C86D}.Release|x64.ActiveCfg = Release|Any CPU
		{7415F09D-765F-4B9A-83AF-2BB65C81C86D}.Release|x64.Build.0 = Release|Any CPU
		{7415F09D-765F-4B9A-83AF-2BB65C81C86D}.Release|x86.ActiveCfg = Release|Any CPU
		{7415F09D-765F-4B9A-83AF-2BB65C81C86D}.Release|x86.Build.0 = Release|Any CPU
		{1069A6E6-D8E2-4862-B326-F48E89D477FB}.Debug|Any CPU.ActiveCfg = Debug|Any CPU
		{1069A6E6-D8E2-4862-B326-F48E89D477FB}.Debug|Any CPU.Build.0 = Debug|Any CPU
		{1069A6E6-D8E2-4862-B326-F48E89D477FB}.Debug|x64.ActiveCfg = Debug|Any CPU
		{1069A6E6-D8E2-4862-B326-F48E89D477FB}.Debug|x64.Build.0 = Debug|Any CPU
		{1069A6E6-D8E2-4862-B326-F48E89D477FB}.Debug|x86.ActiveCfg = Debug|Any CPU
		{1069A6E6-D8E2-4862-B326-F48E89D477FB}.Debug|x86.Build.0 = Debug|Any CPU
		{1069A6E6-D8E2-4862-B326-F48E89D477FB}.Release|Any CPU.ActiveCfg = Release|Any CPU
		{1069A6E6-D8E2-4862-B326-F48E89D477FB}.Release|Any CPU.Build.0 = Release|Any CPU
		{1069A6E6-D8E2-4862-B326-F48E89D477FB}.Release|x64.ActiveCfg = Release|Any CPU
		{1069A6E6-D8E2-4862-B326-F48E89D477FB}.Release|x64.Build.0 = Release|Any CPU
		{1069A6E6-D8E2-4862-B326-F48E89D477FB}.Release|x86.ActiveCfg = Release|Any CPU
		{1069A6E6-D8E2-4862-B326-F48E89D477FB}.Release|x86.Build.0 = Release|Any CPU
		{B9080E55-64A2-4C75-A24E-B8767AA272EC}.Debug|Any CPU.ActiveCfg = Debug|Any CPU
		{B9080E55-64A2-4C75-A24E-B8767AA272EC}.Debug|Any CPU.Build.0 = Debug|Any CPU
		{B9080E55-64A2-4C75-A24E-B8767AA272EC}.Debug|x64.ActiveCfg = Debug|Any CPU
		{B9080E55-64A2-4C75-A24E-B8767AA272EC}.Debug|x64.Build.0 = Debug|Any CPU
		{B9080E55-64A2-4C75-A24E-B8767AA272EC}.Debug|x86.ActiveCfg = Debug|Any CPU
		{B9080E55-64A2-4C75-A24E-B8767AA272EC}.Debug|x86.Build.0 = Debug|Any CPU
		{B9080E55-64A2-4C75-A24E-B8767AA272EC}.Release|Any CPU.ActiveCfg = Release|Any CPU
		{B9080E55-64A2-4C75-A24E-B8767AA272EC}.Release|Any CPU.Build.0 = Release|Any CPU
		{B9080E55-64A2-4C75-A24E-B8767AA272EC}.Release|x64.ActiveCfg = Release|Any CPU
		{B9080E55-64A2-4C75-A24E-B8767AA272EC}.Release|x64.Build.0 = Release|Any CPU
		{B9080E55-64A2-4C75-A24E-B8767AA272EC}.Release|x86.ActiveCfg = Release|Any CPU
		{B9080E55-64A2-4C75-A24E-B8767AA272EC}.Release|x86.Build.0 = Release|Any CPU
		{E47EDC68-2ADC-4AE6-ACDA-D192F4924995}.Debug|Any CPU.ActiveCfg = Debug|Any CPU
		{E47EDC68-2ADC-4AE6-ACDA-D192F4924995}.Debug|Any CPU.Build.0 = Debug|Any CPU
		{E47EDC68-2ADC-4AE6-ACDA-D192F4924995}.Debug|x64.ActiveCfg = Debug|Any CPU
		{E47EDC68-2ADC-4AE6-ACDA-D192F4924995}.Debug|x64.Build.0 = Debug|Any CPU
		{E47EDC68-2ADC-4AE6-ACDA-D192F4924995}.Debug|x86.ActiveCfg = Debug|Any CPU
		{E47EDC68-2ADC-4AE6-ACDA-D192F4924995}.Debug|x86.Build.0 = Debug|Any CPU
		{E47EDC68-2ADC-4AE6-ACDA-D192F4924995}.Release|Any CPU.ActiveCfg = Release|Any CPU
		{E47EDC68-2ADC-4AE6-ACDA-D192F4924995}.Release|Any CPU.Build.0 = Release|Any CPU
		{E47EDC68-2ADC-4AE6-ACDA-D192F4924995}.Release|x64.ActiveCfg = Release|Any CPU
		{E47EDC68-2ADC-4AE6-ACDA-D192F4924995}.Release|x64.Build.0 = Release|Any CPU
		{E47EDC68-2ADC-4AE6-ACDA-D192F4924995}.Release|x86.ActiveCfg = Release|Any CPU
		{E47EDC68-2ADC-4AE6-ACDA-D192F4924995}.Release|x86.Build.0 = Release|Any CPU
		{403391CF-7FA4-4E66-ADE8-044A8618E194}.Debug|Any CPU.ActiveCfg = Debug|Any CPU
		{403391CF-7FA4-4E66-ADE8-044A8618E194}.Debug|Any CPU.Build.0 = Debug|Any CPU
		{403391CF-7FA4-4E66-ADE8-044A8618E194}.Debug|x64.ActiveCfg = Debug|Any CPU
		{403391CF-7FA4-4E66-ADE8-044A8618E194}.Debug|x64.Build.0 = Debug|Any CPU
		{403391CF-7FA4-4E66-ADE8-044A8618E194}.Debug|x86.ActiveCfg = Debug|Any CPU
		{403391CF-7FA4-4E66-ADE8-044A8618E194}.Debug|x86.Build.0 = Debug|Any CPU
		{403391CF-7FA4-4E66-ADE8-044A8618E194}.Release|Any CPU.ActiveCfg = Release|Any CPU
		{403391CF-7FA4-4E66-ADE8-044A8618E194}.Release|Any CPU.Build.0 = Release|Any CPU
		{403391CF-7FA4-4E66-ADE8-044A8618E194}.Release|x64.ActiveCfg = Release|Any CPU
		{403391CF-7FA4-4E66-ADE8-044A8618E194}.Release|x64.Build.0 = Release|Any CPU
		{403391CF-7FA4-4E66-ADE8-044A8618E194}.Release|x86.ActiveCfg = Release|Any CPU
		{403391CF-7FA4-4E66-ADE8-044A8618E194}.Release|x86.Build.0 = Release|Any CPU
		{0F6518CC-893E-4DE9-940C-C2F1A813141C}.Debug|Any CPU.ActiveCfg = Debug|Any CPU
		{0F6518CC-893E-4DE9-940C-C2F1A813141C}.Debug|Any CPU.Build.0 = Debug|Any CPU
		{0F6518CC-893E-4DE9-940C-C2F1A813141C}.Debug|x64.ActiveCfg = Debug|Any CPU
		{0F6518CC-893E-4DE9-940C-C2F1A813141C}.Debug|x64.Build.0 = Debug|Any CPU
		{0F6518CC-893E-4DE9-940C-C2F1A813141C}.Debug|x86.ActiveCfg = Debug|Any CPU
		{0F6518CC-893E-4DE9-940C-C2F1A813141C}.Debug|x86.Build.0 = Debug|Any CPU
		{0F6518CC-893E-4DE9-940C-C2F1A813141C}.Release|Any CPU.ActiveCfg = Release|Any CPU
		{0F6518CC-893E-4DE9-940C-C2F1A813141C}.Release|Any CPU.Build.0 = Release|Any CPU
		{0F6518CC-893E-4DE9-940C-C2F1A813141C}.Release|x64.ActiveCfg = Release|Any CPU
		{0F6518CC-893E-4DE9-940C-C2F1A813141C}.Release|x64.Build.0 = Release|Any CPU
		{0F6518CC-893E-4DE9-940C-C2F1A813141C}.Release|x86.ActiveCfg = Release|Any CPU
		{0F6518CC-893E-4DE9-940C-C2F1A813141C}.Release|x86.Build.0 = Release|Any CPU
		{0906E189-D07A-4428-805A-FD7982CC92DD}.Debug|Any CPU.ActiveCfg = Debug|Any CPU
		{0906E189-D07A-4428-805A-FD7982CC92DD}.Debug|Any CPU.Build.0 = Debug|Any CPU
		{0906E189-D07A-4428-805A-FD7982CC92DD}.Debug|x64.ActiveCfg = Debug|Any CPU
		{0906E189-D07A-4428-805A-FD7982CC92DD}.Debug|x64.Build.0 = Debug|Any CPU
		{0906E189-D07A-4428-805A-FD7982CC92DD}.Debug|x86.ActiveCfg = Debug|Any CPU
		{0906E189-D07A-4428-805A-FD7982CC92DD}.Debug|x86.Build.0 = Debug|Any CPU
		{0906E189-D07A-4428-805A-FD7982CC92DD}.Release|Any CPU.ActiveCfg = Release|Any CPU
		{0906E189-D07A-4428-805A-FD7982CC92DD}.Release|Any CPU.Build.0 = Release|Any CPU
		{0906E189-D07A-4428-805A-FD7982CC92DD}.Release|x64.ActiveCfg = Release|Any CPU
		{0906E189-D07A-4428-805A-FD7982CC92DD}.Release|x64.Build.0 = Release|Any CPU
		{0906E189-D07A-4428-805A-FD7982CC92DD}.Release|x86.ActiveCfg = Release|Any CPU
		{0906E189-D07A-4428-805A-FD7982CC92DD}.Release|x86.Build.0 = Release|Any CPU
		{A5343014-4C52-4676-9CF1-7E9CECF05583}.Debug|Any CPU.ActiveCfg = Debug|Any CPU
		{A5343014-4C52-4676-9CF1-7E9CECF05583}.Debug|Any CPU.Build.0 = Debug|Any CPU
		{A5343014-4C52-4676-9CF1-7E9CECF05583}.Debug|x64.ActiveCfg = Debug|Any CPU
		{A5343014-4C52-4676-9CF1-7E9CECF05583}.Debug|x64.Build.0 = Debug|Any CPU
		{A5343014-4C52-4676-9CF1-7E9CECF05583}.Debug|x86.ActiveCfg = Debug|Any CPU
		{A5343014-4C52-4676-9CF1-7E9CECF05583}.Debug|x86.Build.0 = Debug|Any CPU
		{A5343014-4C52-4676-9CF1-7E9CECF05583}.Release|Any CPU.ActiveCfg = Release|Any CPU
		{A5343014-4C52-4676-9CF1-7E9CECF05583}.Release|Any CPU.Build.0 = Release|Any CPU
		{A5343014-4C52-4676-9CF1-7E9CECF05583}.Release|x64.ActiveCfg = Release|Any CPU
		{A5343014-4C52-4676-9CF1-7E9CECF05583}.Release|x64.Build.0 = Release|Any CPU
		{A5343014-4C52-4676-9CF1-7E9CECF05583}.Release|x86.ActiveCfg = Release|Any CPU
		{A5343014-4C52-4676-9CF1-7E9CECF05583}.Release|x86.Build.0 = Release|Any CPU
		{AF1B3939-30FB-4DA6-8FFF-B7C071357D39}.Debug|Any CPU.ActiveCfg = Debug|Any CPU
		{AF1B3939-30FB-4DA6-8FFF-B7C071357D39}.Debug|Any CPU.Build.0 = Debug|Any CPU
		{AF1B3939-30FB-4DA6-8FFF-B7C071357D39}.Debug|x64.ActiveCfg = Debug|Any CPU
		{AF1B3939-30FB-4DA6-8FFF-B7C071357D39}.Debug|x64.Build.0 = Debug|Any CPU
		{AF1B3939-30FB-4DA6-8FFF-B7C071357D39}.Debug|x86.ActiveCfg = Debug|Any CPU
		{AF1B3939-30FB-4DA6-8FFF-B7C071357D39}.Debug|x86.Build.0 = Debug|Any CPU
		{AF1B3939-30FB-4DA6-8FFF-B7C071357D39}.Release|Any CPU.ActiveCfg = Release|Any CPU
		{AF1B3939-30FB-4DA6-8FFF-B7C071357D39}.Release|Any CPU.Build.0 = Release|Any CPU
		{AF1B3939-30FB-4DA6-8FFF-B7C071357D39}.Release|x64.ActiveCfg = Release|Any CPU
		{AF1B3939-30FB-4DA6-8FFF-B7C071357D39}.Release|x64.Build.0 = Release|Any CPU
		{AF1B3939-30FB-4DA6-8FFF-B7C071357D39}.Release|x86.ActiveCfg = Release|Any CPU
		{AF1B3939-30FB-4DA6-8FFF-B7C071357D39}.Release|x86.Build.0 = Release|Any CPU
		{59B337D0-67B7-4299-9E5A-D6CF7D6E28C9}.Debug|Any CPU.ActiveCfg = Debug|Any CPU
		{59B337D0-67B7-4299-9E5A-D6CF7D6E28C9}.Debug|Any CPU.Build.0 = Debug|Any CPU
		{59B337D0-67B7-4299-9E5A-D6CF7D6E28C9}.Debug|x64.ActiveCfg = Debug|Any CPU
		{59B337D0-67B7-4299-9E5A-D6CF7D6E28C9}.Debug|x64.Build.0 = Debug|Any CPU
		{59B337D0-67B7-4299-9E5A-D6CF7D6E28C9}.Debug|x86.ActiveCfg = Debug|Any CPU
		{59B337D0-67B7-4299-9E5A-D6CF7D6E28C9}.Debug|x86.Build.0 = Debug|Any CPU
		{59B337D0-67B7-4299-9E5A-D6CF7D6E28C9}.Release|Any CPU.ActiveCfg = Release|Any CPU
		{59B337D0-67B7-4299-9E5A-D6CF7D6E28C9}.Release|Any CPU.Build.0 = Release|Any CPU
		{59B337D0-67B7-4299-9E5A-D6CF7D6E28C9}.Release|x64.ActiveCfg = Release|Any CPU
		{59B337D0-67B7-4299-9E5A-D6CF7D6E28C9}.Release|x64.Build.0 = Release|Any CPU
		{59B337D0-67B7-4299-9E5A-D6CF7D6E28C9}.Release|x86.ActiveCfg = Release|Any CPU
		{59B337D0-67B7-4299-9E5A-D6CF7D6E28C9}.Release|x86.Build.0 = Release|Any CPU
		{EF50AB91-CAC1-497E-9480-8767680EAAF6}.Debug|Any CPU.ActiveCfg = Debug|Any CPU
		{EF50AB91-CAC1-497E-9480-8767680EAAF6}.Debug|Any CPU.Build.0 = Debug|Any CPU
		{EF50AB91-CAC1-497E-9480-8767680EAAF6}.Debug|x64.ActiveCfg = Debug|Any CPU
		{EF50AB91-CAC1-497E-9480-8767680EAAF6}.Debug|x64.Build.0 = Debug|Any CPU
		{EF50AB91-CAC1-497E-9480-8767680EAAF6}.Debug|x86.ActiveCfg = Debug|Any CPU
		{EF50AB91-CAC1-497E-9480-8767680EAAF6}.Debug|x86.Build.0 = Debug|Any CPU
		{EF50AB91-CAC1-497E-9480-8767680EAAF6}.Release|Any CPU.ActiveCfg = Release|Any CPU
		{EF50AB91-CAC1-497E-9480-8767680EAAF6}.Release|Any CPU.Build.0 = Release|Any CPU
		{EF50AB91-CAC1-497E-9480-8767680EAAF6}.Release|x64.ActiveCfg = Release|Any CPU
		{EF50AB91-CAC1-497E-9480-8767680EAAF6}.Release|x64.Build.0 = Release|Any CPU
		{EF50AB91-CAC1-497E-9480-8767680EAAF6}.Release|x86.ActiveCfg = Release|Any CPU
		{EF50AB91-CAC1-497E-9480-8767680EAAF6}.Release|x86.Build.0 = Release|Any CPU
		{C03EB14E-A4A7-40BF-A829-16B9B5B10673}.Debug|Any CPU.ActiveCfg = Debug|Any CPU
		{C03EB14E-A4A7-40BF-A829-16B9B5B10673}.Debug|Any CPU.Build.0 = Debug|Any CPU
		{C03EB14E-A4A7-40BF-A829-16B9B5B10673}.Debug|x64.ActiveCfg = Debug|Any CPU
		{C03EB14E-A4A7-40BF-A829-16B9B5B10673}.Debug|x64.Build.0 = Debug|Any CPU
		{C03EB14E-A4A7-40BF-A829-16B9B5B10673}.Debug|x86.ActiveCfg = Debug|Any CPU
		{C03EB14E-A4A7-40BF-A829-16B9B5B10673}.Debug|x86.Build.0 = Debug|Any CPU
		{C03EB14E-A4A7-40BF-A829-16B9B5B10673}.Release|Any CPU.ActiveCfg = Release|Any CPU
		{C03EB14E-A4A7-40BF-A829-16B9B5B10673}.Release|Any CPU.Build.0 = Release|Any CPU
		{C03EB14E-A4A7-40BF-A829-16B9B5B10673}.Release|x64.ActiveCfg = Release|Any CPU
		{C03EB14E-A4A7-40BF-A829-16B9B5B10673}.Release|x64.Build.0 = Release|Any CPU
		{C03EB14E-A4A7-40BF-A829-16B9B5B10673}.Release|x86.ActiveCfg = Release|Any CPU
		{C03EB14E-A4A7-40BF-A829-16B9B5B10673}.Release|x86.Build.0 = Release|Any CPU
		{9789BCE2-39A5-4882-B9CF-A2AE3DC99816}.Debug|Any CPU.ActiveCfg = Debug|Any CPU
		{9789BCE2-39A5-4882-B9CF-A2AE3DC99816}.Debug|Any CPU.Build.0 = Debug|Any CPU
		{9789BCE2-39A5-4882-B9CF-A2AE3DC99816}.Debug|x64.ActiveCfg = Debug|Any CPU
		{9789BCE2-39A5-4882-B9CF-A2AE3DC99816}.Debug|x64.Build.0 = Debug|Any CPU
		{9789BCE2-39A5-4882-B9CF-A2AE3DC99816}.Debug|x86.ActiveCfg = Debug|Any CPU
		{9789BCE2-39A5-4882-B9CF-A2AE3DC99816}.Debug|x86.Build.0 = Debug|Any CPU
		{9789BCE2-39A5-4882-B9CF-A2AE3DC99816}.Release|Any CPU.ActiveCfg = Release|Any CPU
		{9789BCE2-39A5-4882-B9CF-A2AE3DC99816}.Release|Any CPU.Build.0 = Release|Any CPU
		{9789BCE2-39A5-4882-B9CF-A2AE3DC99816}.Release|x64.ActiveCfg = Release|Any CPU
		{9789BCE2-39A5-4882-B9CF-A2AE3DC99816}.Release|x64.Build.0 = Release|Any CPU
		{9789BCE2-39A5-4882-B9CF-A2AE3DC99816}.Release|x86.ActiveCfg = Release|Any CPU
		{9789BCE2-39A5-4882-B9CF-A2AE3DC99816}.Release|x86.Build.0 = Release|Any CPU
		{B5765B96-726D-45F0-BEC9-9E1EB0E7E0C9}.Debug|Any CPU.ActiveCfg = Debug|Any CPU
		{B5765B96-726D-45F0-BEC9-9E1EB0E7E0C9}.Debug|Any CPU.Build.0 = Debug|Any CPU
		{B5765B96-726D-45F0-BEC9-9E1EB0E7E0C9}.Debug|x64.ActiveCfg = Debug|Any CPU
		{B5765B96-726D-45F0-BEC9-9E1EB0E7E0C9}.Debug|x64.Build.0 = Debug|Any CPU
		{B5765B96-726D-45F0-BEC9-9E1EB0E7E0C9}.Debug|x86.ActiveCfg = Debug|Any CPU
		{B5765B96-726D-45F0-BEC9-9E1EB0E7E0C9}.Debug|x86.Build.0 = Debug|Any CPU
		{B5765B96-726D-45F0-BEC9-9E1EB0E7E0C9}.Release|Any CPU.ActiveCfg = Release|Any CPU
		{B5765B96-726D-45F0-BEC9-9E1EB0E7E0C9}.Release|Any CPU.Build.0 = Release|Any CPU
		{B5765B96-726D-45F0-BEC9-9E1EB0E7E0C9}.Release|x64.ActiveCfg = Release|Any CPU
		{B5765B96-726D-45F0-BEC9-9E1EB0E7E0C9}.Release|x64.Build.0 = Release|Any CPU
		{B5765B96-726D-45F0-BEC9-9E1EB0E7E0C9}.Release|x86.ActiveCfg = Release|Any CPU
		{B5765B96-726D-45F0-BEC9-9E1EB0E7E0C9}.Release|x86.Build.0 = Release|Any CPU
		{D0F950D4-9478-4F6A-A43B-7D8050957030}.Debug|Any CPU.ActiveCfg = Debug|Any CPU
		{D0F950D4-9478-4F6A-A43B-7D8050957030}.Debug|Any CPU.Build.0 = Debug|Any CPU
		{D0F950D4-9478-4F6A-A43B-7D8050957030}.Debug|x64.ActiveCfg = Debug|Any CPU
		{D0F950D4-9478-4F6A-A43B-7D8050957030}.Debug|x64.Build.0 = Debug|Any CPU
		{D0F950D4-9478-4F6A-A43B-7D8050957030}.Debug|x86.ActiveCfg = Debug|Any CPU
		{D0F950D4-9478-4F6A-A43B-7D8050957030}.Debug|x86.Build.0 = Debug|Any CPU
		{D0F950D4-9478-4F6A-A43B-7D8050957030}.Release|Any CPU.ActiveCfg = Release|Any CPU
		{D0F950D4-9478-4F6A-A43B-7D8050957030}.Release|Any CPU.Build.0 = Release|Any CPU
		{D0F950D4-9478-4F6A-A43B-7D8050957030}.Release|x64.ActiveCfg = Release|Any CPU
		{D0F950D4-9478-4F6A-A43B-7D8050957030}.Release|x64.Build.0 = Release|Any CPU
		{D0F950D4-9478-4F6A-A43B-7D8050957030}.Release|x86.ActiveCfg = Release|Any CPU
		{D0F950D4-9478-4F6A-A43B-7D8050957030}.Release|x86.Build.0 = Release|Any CPU
		{17324A92-2E9F-4C63-804B-3454520DD3EC}.Debug|Any CPU.ActiveCfg = Debug|Any CPU
		{17324A92-2E9F-4C63-804B-3454520DD3EC}.Debug|Any CPU.Build.0 = Debug|Any CPU
		{17324A92-2E9F-4C63-804B-3454520DD3EC}.Debug|x64.ActiveCfg = Debug|Any CPU
		{17324A92-2E9F-4C63-804B-3454520DD3EC}.Debug|x64.Build.0 = Debug|Any CPU
		{17324A92-2E9F-4C63-804B-3454520DD3EC}.Debug|x86.ActiveCfg = Debug|Any CPU
		{17324A92-2E9F-4C63-804B-3454520DD3EC}.Debug|x86.Build.0 = Debug|Any CPU
		{17324A92-2E9F-4C63-804B-3454520DD3EC}.Release|Any CPU.ActiveCfg = Release|Any CPU
		{17324A92-2E9F-4C63-804B-3454520DD3EC}.Release|Any CPU.Build.0 = Release|Any CPU
		{17324A92-2E9F-4C63-804B-3454520DD3EC}.Release|x64.ActiveCfg = Release|Any CPU
		{17324A92-2E9F-4C63-804B-3454520DD3EC}.Release|x64.Build.0 = Release|Any CPU
		{17324A92-2E9F-4C63-804B-3454520DD3EC}.Release|x86.ActiveCfg = Release|Any CPU
		{17324A92-2E9F-4C63-804B-3454520DD3EC}.Release|x86.Build.0 = Release|Any CPU
		{74F2EA97-AF80-4EAB-8697-D885D043CC12}.Debug|Any CPU.ActiveCfg = Debug|Any CPU
		{74F2EA97-AF80-4EAB-8697-D885D043CC12}.Debug|Any CPU.Build.0 = Debug|Any CPU
		{74F2EA97-AF80-4EAB-8697-D885D043CC12}.Debug|x64.ActiveCfg = Debug|Any CPU
		{74F2EA97-AF80-4EAB-8697-D885D043CC12}.Debug|x64.Build.0 = Debug|Any CPU
		{74F2EA97-AF80-4EAB-8697-D885D043CC12}.Debug|x86.ActiveCfg = Debug|Any CPU
		{74F2EA97-AF80-4EAB-8697-D885D043CC12}.Debug|x86.Build.0 = Debug|Any CPU
		{74F2EA97-AF80-4EAB-8697-D885D043CC12}.Release|Any CPU.ActiveCfg = Release|Any CPU
		{74F2EA97-AF80-4EAB-8697-D885D043CC12}.Release|Any CPU.Build.0 = Release|Any CPU
		{74F2EA97-AF80-4EAB-8697-D885D043CC12}.Release|x64.ActiveCfg = Release|Any CPU
		{74F2EA97-AF80-4EAB-8697-D885D043CC12}.Release|x64.Build.0 = Release|Any CPU
		{74F2EA97-AF80-4EAB-8697-D885D043CC12}.Release|x86.ActiveCfg = Release|Any CPU
		{74F2EA97-AF80-4EAB-8697-D885D043CC12}.Release|x86.Build.0 = Release|Any CPU
		{925481AC-4969-4910-AE54-D0DE385C3C92}.Debug|Any CPU.ActiveCfg = Debug|Any CPU
		{925481AC-4969-4910-AE54-D0DE385C3C92}.Debug|Any CPU.Build.0 = Debug|Any CPU
		{925481AC-4969-4910-AE54-D0DE385C3C92}.Debug|x64.ActiveCfg = Debug|Any CPU
		{925481AC-4969-4910-AE54-D0DE385C3C92}.Debug|x64.Build.0 = Debug|Any CPU
		{925481AC-4969-4910-AE54-D0DE385C3C92}.Debug|x86.ActiveCfg = Debug|Any CPU
		{925481AC-4969-4910-AE54-D0DE385C3C92}.Debug|x86.Build.0 = Debug|Any CPU
		{925481AC-4969-4910-AE54-D0DE385C3C92}.Release|Any CPU.ActiveCfg = Release|Any CPU
		{925481AC-4969-4910-AE54-D0DE385C3C92}.Release|Any CPU.Build.0 = Release|Any CPU
		{925481AC-4969-4910-AE54-D0DE385C3C92}.Release|x64.ActiveCfg = Release|Any CPU
		{925481AC-4969-4910-AE54-D0DE385C3C92}.Release|x64.Build.0 = Release|Any CPU
		{925481AC-4969-4910-AE54-D0DE385C3C92}.Release|x86.ActiveCfg = Release|Any CPU
		{925481AC-4969-4910-AE54-D0DE385C3C92}.Release|x86.Build.0 = Release|Any CPU
		{C7CEB4B9-6854-4A45-9E87-0821A0F55139}.Debug|Any CPU.ActiveCfg = Debug|Any CPU
		{C7CEB4B9-6854-4A45-9E87-0821A0F55139}.Debug|Any CPU.Build.0 = Debug|Any CPU
		{C7CEB4B9-6854-4A45-9E87-0821A0F55139}.Debug|x64.ActiveCfg = Debug|Any CPU
		{C7CEB4B9-6854-4A45-9E87-0821A0F55139}.Debug|x64.Build.0 = Debug|Any CPU
		{C7CEB4B9-6854-4A45-9E87-0821A0F55139}.Debug|x86.ActiveCfg = Debug|Any CPU
		{C7CEB4B9-6854-4A45-9E87-0821A0F55139}.Debug|x86.Build.0 = Debug|Any CPU
		{C7CEB4B9-6854-4A45-9E87-0821A0F55139}.Release|Any CPU.ActiveCfg = Release|Any CPU
		{C7CEB4B9-6854-4A45-9E87-0821A0F55139}.Release|Any CPU.Build.0 = Release|Any CPU
		{C7CEB4B9-6854-4A45-9E87-0821A0F55139}.Release|x64.ActiveCfg = Release|Any CPU
		{C7CEB4B9-6854-4A45-9E87-0821A0F55139}.Release|x64.Build.0 = Release|Any CPU
		{C7CEB4B9-6854-4A45-9E87-0821A0F55139}.Release|x86.ActiveCfg = Release|Any CPU
		{C7CEB4B9-6854-4A45-9E87-0821A0F55139}.Release|x86.Build.0 = Release|Any CPU
		{23A07B2B-348B-4431-BA7C-79083F152270}.Debug|Any CPU.ActiveCfg = Debug|Any CPU
		{23A07B2B-348B-4431-BA7C-79083F152270}.Debug|Any CPU.Build.0 = Debug|Any CPU
		{23A07B2B-348B-4431-BA7C-79083F152270}.Debug|x64.ActiveCfg = Debug|Any CPU
		{23A07B2B-348B-4431-BA7C-79083F152270}.Debug|x64.Build.0 = Debug|Any CPU
		{23A07B2B-348B-4431-BA7C-79083F152270}.Debug|x86.ActiveCfg = Debug|Any CPU
		{23A07B2B-348B-4431-BA7C-79083F152270}.Debug|x86.Build.0 = Debug|Any CPU
		{23A07B2B-348B-4431-BA7C-79083F152270}.Release|Any CPU.ActiveCfg = Release|Any CPU
		{23A07B2B-348B-4431-BA7C-79083F152270}.Release|Any CPU.Build.0 = Release|Any CPU
		{23A07B2B-348B-4431-BA7C-79083F152270}.Release|x64.ActiveCfg = Release|Any CPU
		{23A07B2B-348B-4431-BA7C-79083F152270}.Release|x64.Build.0 = Release|Any CPU
		{23A07B2B-348B-4431-BA7C-79083F152270}.Release|x86.ActiveCfg = Release|Any CPU
		{23A07B2B-348B-4431-BA7C-79083F152270}.Release|x86.Build.0 = Release|Any CPU
		{F899EDC7-BF8B-4692-B734-0AECCBDB8E14}.Debug|Any CPU.ActiveCfg = Debug|Any CPU
		{F899EDC7-BF8B-4692-B734-0AECCBDB8E14}.Debug|Any CPU.Build.0 = Debug|Any CPU
		{F899EDC7-BF8B-4692-B734-0AECCBDB8E14}.Debug|x64.ActiveCfg = Debug|Any CPU
		{F899EDC7-BF8B-4692-B734-0AECCBDB8E14}.Debug|x64.Build.0 = Debug|Any CPU
		{F899EDC7-BF8B-4692-B734-0AECCBDB8E14}.Debug|x86.ActiveCfg = Debug|Any CPU
		{F899EDC7-BF8B-4692-B734-0AECCBDB8E14}.Debug|x86.Build.0 = Debug|Any CPU
		{F899EDC7-BF8B-4692-B734-0AECCBDB8E14}.Release|Any CPU.ActiveCfg = Release|Any CPU
		{F899EDC7-BF8B-4692-B734-0AECCBDB8E14}.Release|Any CPU.Build.0 = Release|Any CPU
		{F899EDC7-BF8B-4692-B734-0AECCBDB8E14}.Release|x64.ActiveCfg = Release|Any CPU
		{F899EDC7-BF8B-4692-B734-0AECCBDB8E14}.Release|x64.Build.0 = Release|Any CPU
		{F899EDC7-BF8B-4692-B734-0AECCBDB8E14}.Release|x86.ActiveCfg = Release|Any CPU
		{F899EDC7-BF8B-4692-B734-0AECCBDB8E14}.Release|x86.Build.0 = Release|Any CPU
		{0FE7A68A-6275-4178-84DC-F7791A4B107E}.Debug|Any CPU.ActiveCfg = Debug|Any CPU
		{0FE7A68A-6275-4178-84DC-F7791A4B107E}.Debug|Any CPU.Build.0 = Debug|Any CPU
		{0FE7A68A-6275-4178-84DC-F7791A4B107E}.Debug|x64.ActiveCfg = Debug|Any CPU
		{0FE7A68A-6275-4178-84DC-F7791A4B107E}.Debug|x64.Build.0 = Debug|Any CPU
		{0FE7A68A-6275-4178-84DC-F7791A4B107E}.Debug|x86.ActiveCfg = Debug|Any CPU
		{0FE7A68A-6275-4178-84DC-F7791A4B107E}.Debug|x86.Build.0 = Debug|Any CPU
		{0FE7A68A-6275-4178-84DC-F7791A4B107E}.Release|Any CPU.ActiveCfg = Release|Any CPU
		{0FE7A68A-6275-4178-84DC-F7791A4B107E}.Release|Any CPU.Build.0 = Release|Any CPU
		{0FE7A68A-6275-4178-84DC-F7791A4B107E}.Release|x64.ActiveCfg = Release|Any CPU
		{0FE7A68A-6275-4178-84DC-F7791A4B107E}.Release|x64.Build.0 = Release|Any CPU
		{0FE7A68A-6275-4178-84DC-F7791A4B107E}.Release|x86.ActiveCfg = Release|Any CPU
		{0FE7A68A-6275-4178-84DC-F7791A4B107E}.Release|x86.Build.0 = Release|Any CPU
		{C932C25A-AD14-4C28-B434-EF89C45D4ED9}.Debug|Any CPU.ActiveCfg = Debug|Any CPU
		{C932C25A-AD14-4C28-B434-EF89C45D4ED9}.Debug|Any CPU.Build.0 = Debug|Any CPU
		{C932C25A-AD14-4C28-B434-EF89C45D4ED9}.Debug|x64.ActiveCfg = Debug|Any CPU
		{C932C25A-AD14-4C28-B434-EF89C45D4ED9}.Debug|x64.Build.0 = Debug|Any CPU
		{C932C25A-AD14-4C28-B434-EF89C45D4ED9}.Debug|x86.ActiveCfg = Debug|Any CPU
		{C932C25A-AD14-4C28-B434-EF89C45D4ED9}.Debug|x86.Build.0 = Debug|Any CPU
		{C932C25A-AD14-4C28-B434-EF89C45D4ED9}.Release|Any CPU.ActiveCfg = Release|Any CPU
		{C932C25A-AD14-4C28-B434-EF89C45D4ED9}.Release|Any CPU.Build.0 = Release|Any CPU
		{C932C25A-AD14-4C28-B434-EF89C45D4ED9}.Release|x64.ActiveCfg = Release|Any CPU
		{C932C25A-AD14-4C28-B434-EF89C45D4ED9}.Release|x64.Build.0 = Release|Any CPU
		{C932C25A-AD14-4C28-B434-EF89C45D4ED9}.Release|x86.ActiveCfg = Release|Any CPU
		{C932C25A-AD14-4C28-B434-EF89C45D4ED9}.Release|x86.Build.0 = Release|Any CPU
		{E02277CF-9DD2-451A-AADB-B3A8DF666EE2}.Debug|Any CPU.ActiveCfg = Debug|Any CPU
		{E02277CF-9DD2-451A-AADB-B3A8DF666EE2}.Debug|Any CPU.Build.0 = Debug|Any CPU
		{E02277CF-9DD2-451A-AADB-B3A8DF666EE2}.Debug|x64.ActiveCfg = Debug|Any CPU
		{E02277CF-9DD2-451A-AADB-B3A8DF666EE2}.Debug|x64.Build.0 = Debug|Any CPU
		{E02277CF-9DD2-451A-AADB-B3A8DF666EE2}.Debug|x86.ActiveCfg = Debug|Any CPU
		{E02277CF-9DD2-451A-AADB-B3A8DF666EE2}.Debug|x86.Build.0 = Debug|Any CPU
		{E02277CF-9DD2-451A-AADB-B3A8DF666EE2}.Release|Any CPU.ActiveCfg = Release|Any CPU
		{E02277CF-9DD2-451A-AADB-B3A8DF666EE2}.Release|Any CPU.Build.0 = Release|Any CPU
		{E02277CF-9DD2-451A-AADB-B3A8DF666EE2}.Release|x64.ActiveCfg = Release|Any CPU
		{E02277CF-9DD2-451A-AADB-B3A8DF666EE2}.Release|x64.Build.0 = Release|Any CPU
		{E02277CF-9DD2-451A-AADB-B3A8DF666EE2}.Release|x86.ActiveCfg = Release|Any CPU
		{E02277CF-9DD2-451A-AADB-B3A8DF666EE2}.Release|x86.Build.0 = Release|Any CPU
		{90E2127A-FE4F-4D2D-A4AE-CB89FF7C9DA6}.Debug|Any CPU.ActiveCfg = Debug|Any CPU
		{90E2127A-FE4F-4D2D-A4AE-CB89FF7C9DA6}.Debug|Any CPU.Build.0 = Debug|Any CPU
		{90E2127A-FE4F-4D2D-A4AE-CB89FF7C9DA6}.Debug|x64.ActiveCfg = Debug|Any CPU
		{90E2127A-FE4F-4D2D-A4AE-CB89FF7C9DA6}.Debug|x64.Build.0 = Debug|Any CPU
		{90E2127A-FE4F-4D2D-A4AE-CB89FF7C9DA6}.Debug|x86.ActiveCfg = Debug|Any CPU
		{90E2127A-FE4F-4D2D-A4AE-CB89FF7C9DA6}.Debug|x86.Build.0 = Debug|Any CPU
		{90E2127A-FE4F-4D2D-A4AE-CB89FF7C9DA6}.Release|Any CPU.ActiveCfg = Release|Any CPU
		{90E2127A-FE4F-4D2D-A4AE-CB89FF7C9DA6}.Release|Any CPU.Build.0 = Release|Any CPU
		{90E2127A-FE4F-4D2D-A4AE-CB89FF7C9DA6}.Release|x64.ActiveCfg = Release|Any CPU
		{90E2127A-FE4F-4D2D-A4AE-CB89FF7C9DA6}.Release|x64.Build.0 = Release|Any CPU
		{90E2127A-FE4F-4D2D-A4AE-CB89FF7C9DA6}.Release|x86.ActiveCfg = Release|Any CPU
		{90E2127A-FE4F-4D2D-A4AE-CB89FF7C9DA6}.Release|x86.Build.0 = Release|Any CPU
		{0FF23DE0-7384-45E5-8FB4-1D25518B85C9}.Debug|Any CPU.ActiveCfg = Debug|Any CPU
		{0FF23DE0-7384-45E5-8FB4-1D25518B85C9}.Debug|Any CPU.Build.0 = Debug|Any CPU
		{0FF23DE0-7384-45E5-8FB4-1D25518B85C9}.Debug|x64.ActiveCfg = Debug|Any CPU
		{0FF23DE0-7384-45E5-8FB4-1D25518B85C9}.Debug|x64.Build.0 = Debug|Any CPU
		{0FF23DE0-7384-45E5-8FB4-1D25518B85C9}.Debug|x86.ActiveCfg = Debug|Any CPU
		{0FF23DE0-7384-45E5-8FB4-1D25518B85C9}.Debug|x86.Build.0 = Debug|Any CPU
		{0FF23DE0-7384-45E5-8FB4-1D25518B85C9}.Release|Any CPU.ActiveCfg = Release|Any CPU
		{0FF23DE0-7384-45E5-8FB4-1D25518B85C9}.Release|Any CPU.Build.0 = Release|Any CPU
		{0FF23DE0-7384-45E5-8FB4-1D25518B85C9}.Release|x64.ActiveCfg = Release|Any CPU
		{0FF23DE0-7384-45E5-8FB4-1D25518B85C9}.Release|x64.Build.0 = Release|Any CPU
		{0FF23DE0-7384-45E5-8FB4-1D25518B85C9}.Release|x86.ActiveCfg = Release|Any CPU
		{0FF23DE0-7384-45E5-8FB4-1D25518B85C9}.Release|x86.Build.0 = Release|Any CPU
		{597E6C35-A0FC-4460-AE1F-1249C19DFB09}.Debug|Any CPU.ActiveCfg = Debug|Any CPU
		{597E6C35-A0FC-4460-AE1F-1249C19DFB09}.Debug|Any CPU.Build.0 = Debug|Any CPU
		{597E6C35-A0FC-4460-AE1F-1249C19DFB09}.Debug|x64.ActiveCfg = Debug|Any CPU
		{597E6C35-A0FC-4460-AE1F-1249C19DFB09}.Debug|x64.Build.0 = Debug|Any CPU
		{597E6C35-A0FC-4460-AE1F-1249C19DFB09}.Debug|x86.ActiveCfg = Debug|Any CPU
		{597E6C35-A0FC-4460-AE1F-1249C19DFB09}.Debug|x86.Build.0 = Debug|Any CPU
		{597E6C35-A0FC-4460-AE1F-1249C19DFB09}.Release|Any CPU.ActiveCfg = Release|Any CPU
		{597E6C35-A0FC-4460-AE1F-1249C19DFB09}.Release|Any CPU.Build.0 = Release|Any CPU
		{597E6C35-A0FC-4460-AE1F-1249C19DFB09}.Release|x64.ActiveCfg = Release|Any CPU
		{597E6C35-A0FC-4460-AE1F-1249C19DFB09}.Release|x64.Build.0 = Release|Any CPU
		{597E6C35-A0FC-4460-AE1F-1249C19DFB09}.Release|x86.ActiveCfg = Release|Any CPU
		{597E6C35-A0FC-4460-AE1F-1249C19DFB09}.Release|x86.Build.0 = Release|Any CPU
	EndGlobalSection
	GlobalSection(SolutionProperties) = preSolution
		HideSolutionNode = FALSE
	EndGlobalSection
	GlobalSection(NestedProjects) = preSolution
		{E431C0EF-0A07-9D2C-3EA9-2C750D5184D2} = {827E0CD3-B72D-47B6-A68D-7590B98EB39B}
		{6B75D9B9-9A12-47F6-AB19-24B2F72F7385} = {E431C0EF-0A07-9D2C-3EA9-2C750D5184D2}
		{57911459-2113-4088-AA75-EDB68132D474} = {E431C0EF-0A07-9D2C-3EA9-2C750D5184D2}
		{267D0590-F19F-4C20-9E41-0E3F9E5593CE} = {E431C0EF-0A07-9D2C-3EA9-2C750D5184D2}
		{0C6FF845-0AA2-4A5A-B3CB-CE442F334039} = {E431C0EF-0A07-9D2C-3EA9-2C750D5184D2}
		{E56B6A3B-58C8-4051-8BDE-F63963F05A18} = {E431C0EF-0A07-9D2C-3EA9-2C750D5184D2}
		{CC80CF82-095A-9A70-E4AA-4F39E72E717A} = {827E0CD3-B72D-47B6-A68D-7590B98EB39B}
		{8DD105B1-B99F-4498-AB45-389271C9DAC5} = {CC80CF82-095A-9A70-E4AA-4F39E72E717A}
		{2DDBAEC2-79F0-4EEE-93FF-F5C02367AC43} = {CC80CF82-095A-9A70-E4AA-4F39E72E717A}
		{0A4578AA-9E7F-4D7B-95B1-73A11A654C07} = {CC80CF82-095A-9A70-E4AA-4F39E72E717A}
		{53958302-EE68-4FF4-BD09-C651785C97DE} = {CC80CF82-095A-9A70-E4AA-4F39E72E717A}
		{A3170E7B-7488-421A-B46A-638199B930DE} = {CC80CF82-095A-9A70-E4AA-4F39E72E717A}
		{0D1940C5-F3E2-4140-A25F-0105C62D8BE6} = {CC80CF82-095A-9A70-E4AA-4F39E72E717A}
		{DBBF4C14-7A6C-43FD-A103-3B7DE1849444} = {CC80CF82-095A-9A70-E4AA-4F39E72E717A}
		{1CC877E9-9F55-4C45-A247-FB9E36CD2A51} = {CC80CF82-095A-9A70-E4AA-4F39E72E717A}
		{AFBCE007-6268-467A-A896-388F3A6A78A8} = {CC80CF82-095A-9A70-E4AA-4F39E72E717A}
		{30D5E74A-E0E1-4F64-B579-3C63B335229D} = {CC80CF82-095A-9A70-E4AA-4F39E72E717A}
		{19D4BC39-3D4F-4119-8000-6F63F4B12887} = {CC80CF82-095A-9A70-E4AA-4F39E72E717A}
		{A4BC9564-E7FC-44EC-BE39-8C879AD2DFF5} = {CC80CF82-095A-9A70-E4AA-4F39E72E717A}
		{4EC13A70-A67B-4ADE-B963-17C84D0A5D4F} = {CC80CF82-095A-9A70-E4AA-4F39E72E717A}
		{BE34C5D5-1A2E-4EEC-9733-717E02D04791} = {0C88DD14-F956-CE84-757C-A364CCF449FC}
		{4395E8A5-FA38-421B-BBA5-DC79A1C2A67E} = {0C88DD14-F956-CE84-757C-A364CCF449FC}
		{72962790-9055-4C4E-BF27-0D262ECCA182} = {0C88DD14-F956-CE84-757C-A364CCF449FC}
		{4874358F-B472-4236-9541-985794B55E4B} = {0C88DD14-F956-CE84-757C-A364CCF449FC}
		{C7662BD7-4844-49EE-9923-892CE80FF320} = {0C88DD14-F956-CE84-757C-A364CCF449FC}
		{33A9BF62-E7C7-4793-81B4-FFC03CAF90AB} = {0C88DD14-F956-CE84-757C-A364CCF449FC}
		{7C55E308-68DD-4F24-88DB-5D7FC990D162} = {0C88DD14-F956-CE84-757C-A364CCF449FC}
		{4236343D-B5BB-424E-9248-360E0658FB78} = {0C88DD14-F956-CE84-757C-A364CCF449FC}
		{E310BE2D-4563-4E05-85FB-CE4692B588FC} = {0C88DD14-F956-CE84-757C-A364CCF449FC}
		{7BC63BB9-034F-45BA-B2BC-82AEF1B24E0A} = {0C88DD14-F956-CE84-757C-A364CCF449FC}
		{B52AE596-CD8F-4FCD-8C39-ABA6682622F5} = {0C88DD14-F956-CE84-757C-A364CCF449FC}
		{7415F09D-765F-4B9A-83AF-2BB65C81C86D} = {0C88DD14-F956-CE84-757C-A364CCF449FC}
		{1069A6E6-D8E2-4862-B326-F48E89D477FB} = {0C88DD14-F956-CE84-757C-A364CCF449FC}
		{B9080E55-64A2-4C75-A24E-B8767AA272EC} = {0C88DD14-F956-CE84-757C-A364CCF449FC}
		{E47EDC68-2ADC-4AE6-ACDA-D192F4924995} = {0C88DD14-F956-CE84-757C-A364CCF449FC}
		{403391CF-7FA4-4E66-ADE8-044A8618E194} = {0C88DD14-F956-CE84-757C-A364CCF449FC}
		{0F6518CC-893E-4DE9-940C-C2F1A813141C} = {E8724E52-EDE4-4EC0-A0FC-3C84B39EFDEF}
		{0906E189-D07A-4428-805A-FD7982CC92DD} = {0C88DD14-F956-CE84-757C-A364CCF449FC}
		{A5343014-4C52-4676-9CF1-7E9CECF05583} = {CC80CF82-095A-9A70-E4AA-4F39E72E717A}
		{AF1B3939-30FB-4DA6-8FFF-B7C071357D39} = {0C88DD14-F956-CE84-757C-A364CCF449FC}
		{59B337D0-67B7-4299-9E5A-D6CF7D6E28C9} = {CC80CF82-095A-9A70-E4AA-4F39E72E717A}
		{EF50AB91-CAC1-497E-9480-8767680EAAF6} = {0C88DD14-F956-CE84-757C-A364CCF449FC}
		{C03EB14E-A4A7-40BF-A829-16B9B5B10673} = {CC80CF82-095A-9A70-E4AA-4F39E72E717A}
		{9789BCE2-39A5-4882-B9CF-A2AE3DC99816} = {0C88DD14-F956-CE84-757C-A364CCF449FC}
		{B5765B96-726D-45F0-BEC9-9E1EB0E7E0C9} = {CC80CF82-095A-9A70-E4AA-4F39E72E717A}
		{D0F950D4-9478-4F6A-A43B-7D8050957030} = {0C88DD14-F956-CE84-757C-A364CCF449FC}
		{17324A92-2E9F-4C63-804B-3454520DD3EC} = {CC80CF82-095A-9A70-E4AA-4F39E72E717A}
		{74F2EA97-AF80-4EAB-8697-D885D043CC12} = {0C88DD14-F956-CE84-757C-A364CCF449FC}
		{925481AC-4969-4910-AE54-D0DE385C3C92} = {CC80CF82-095A-9A70-E4AA-4F39E72E717A}
		{C7CEB4B9-6854-4A45-9E87-0821A0F55139} = {0C88DD14-F956-CE84-757C-A364CCF449FC}
		{23A07B2B-348B-4431-BA7C-79083F152270} = {E8724E52-EDE4-4EC0-A0FC-3C84B39EFDEF}
		{F899EDC7-BF8B-4692-B734-0AECCBDB8E14} = {0C88DD14-F956-CE84-757C-A364CCF449FC}
		{0FE7A68A-6275-4178-84DC-F7791A4B107E} = {E431C0EF-0A07-9D2C-3EA9-2C750D5184D2}
		{C932C25A-AD14-4C28-B434-EF89C45D4ED9} = {0C88DD14-F956-CE84-757C-A364CCF449FC}
		{E02277CF-9DD2-451A-AADB-B3A8DF666EE2} = {E431C0EF-0A07-9D2C-3EA9-2C750D5184D2}
		{90E2127A-FE4F-4D2D-A4AE-CB89FF7C9DA6} = {0C88DD14-F956-CE84-757C-A364CCF449FC}
		{0FF23DE0-7384-45E5-8FB4-1D25518B85C9} = {E431C0EF-0A07-9D2C-3EA9-2C750D5184D2}
		{597E6C35-A0FC-4460-AE1F-1249C19DFB09} = {E431C0EF-0A07-9D2C-3EA9-2C750D5184D2}
	EndGlobalSection
EndGlobal
